// !$*UTF8*$!
{
	archiveVersion = 1;
	classes = {
	};
	objectVersion = 56;
	objects = {

/* Begin PBXBuildFile section */
		CEA744AF291C26B0009350A0 /* AppDelegate.swift in Sources */ = {isa = PBXBuildFile; fileRef = CEA744AE291C26B0009350A0 /* AppDelegate.swift */; };
		CEA744B1291C26B0009350A0 /* SceneDelegate.swift in Sources */ = {isa = PBXBuildFile; fileRef = CEA744B0291C26B0009350A0 /* SceneDelegate.swift */; };
		CEA744B3291C26B0009350A0 /* ViewController.swift in Sources */ = {isa = PBXBuildFile; fileRef = CEA744B2291C26B0009350A0 /* ViewController.swift */; };
		CEA744B6291C26B0009350A0 /* Main.storyboard in Resources */ = {isa = PBXBuildFile; fileRef = CEA744B4291C26B0009350A0 /* Main.storyboard */; };
		CEA744B9291C26B0009350A0 /* topupbanking.xcdatamodeld in Sources */ = {isa = PBXBuildFile; fileRef = CEA744B7291C26B0009350A0 /* topupbanking.xcdatamodeld */; };
		CEA744BB291C26B2009350A0 /* Assets.xcassets in Resources */ = {isa = PBXBuildFile; fileRef = CEA744BA291C26B2009350A0 /* Assets.xcassets */; };
		CEA744BE291C26B2009350A0 /* LaunchScreen.storyboard in Resources */ = {isa = PBXBuildFile; fileRef = CEA744BC291C26B2009350A0 /* LaunchScreen.storyboard */; };
		CEA744C9291C26B2009350A0 /* topupbankingTests.swift in Sources */ = {isa = PBXBuildFile; fileRef = CEA744C8291C26B2009350A0 /* topupbankingTests.swift */; };
		CEA744D3291C26B2009350A0 /* topupbankingUITests.swift in Sources */ = {isa = PBXBuildFile; fileRef = CEA744D2291C26B2009350A0 /* topupbankingUITests.swift */; };
		CEA744D5291C26B2009350A0 /* topupbankingUITestsLaunchTests.swift in Sources */ = {isa = PBXBuildFile; fileRef = CEA744D4291C26B2009350A0 /* topupbankingUITestsLaunchTests.swift */; };
/* End PBXBuildFile section */

/* Begin PBXContainerItemProxy section */
		CEA744C5291C26B2009350A0 /* PBXContainerItemProxy */ = {
			isa = PBXContainerItemProxy;
			containerPortal = CEA744A3291C26B0009350A0 /* Project object */;
			proxyType = 1;
			remoteGlobalIDString = CEA744AA291C26B0009350A0;
			remoteInfo = topupbanking;
		};
		CEA744CF291C26B2009350A0 /* PBXContainerItemProxy */ = {
			isa = PBXContainerItemProxy;
			containerPortal = CEA744A3291C26B0009350A0 /* Project object */;
			proxyType = 1;
			remoteGlobalIDString = CEA744AA291C26B0009350A0;
			remoteInfo = topupbanking;
		};
/* End PBXContainerItemProxy section */

/* Begin PBXFileReference section */
		CEA744AB291C26B0009350A0 /* topupbanking.app */ = {isa = PBXFileReference; explicitFileType = wrapper.application; includeInIndex = 0; path = topupbanking.app; sourceTree = BUILT_PRODUCTS_DIR; };
		CEA744AE291C26B0009350A0 /* AppDelegate.swift */ = {isa = PBXFileReference; lastKnownFileType = sourcecode.swift; path = AppDelegate.swift; sourceTree = "<group>"; };
		CEA744B0291C26B0009350A0 /* SceneDelegate.swift */ = {isa = PBXFileReference; lastKnownFileType = sourcecode.swift; path = SceneDelegate.swift; sourceTree = "<group>"; };
		CEA744B2291C26B0009350A0 /* ViewController.swift */ = {isa = PBXFileReference; lastKnownFileType = sourcecode.swift; path = ViewController.swift; sourceTree = "<group>"; };
		CEA744B5291C26B0009350A0 /* Base */ = {isa = PBXFileReference; lastKnownFileType = file.storyboard; name = Base; path = Base.lproj/Main.storyboard; sourceTree = "<group>"; };
		CEA744B8291C26B0009350A0 /* topupbanking.xcdatamodel */ = {isa = PBXFileReference; lastKnownFileType = wrapper.xcdatamodel; path = topupbanking.xcdatamodel; sourceTree = "<group>"; };
		CEA744BA291C26B2009350A0 /* Assets.xcassets */ = {isa = PBXFileReference; lastKnownFileType = folder.assetcatalog; path = Assets.xcassets; sourceTree = "<group>"; };
		CEA744BD291C26B2009350A0 /* Base */ = {isa = PBXFileReference; lastKnownFileType = file.storyboard; name = Base; path = Base.lproj/LaunchScreen.storyboard; sourceTree = "<group>"; };
		CEA744BF291C26B2009350A0 /* Info.plist */ = {isa = PBXFileReference; lastKnownFileType = text.plist.xml; path = Info.plist; sourceTree = "<group>"; };
		CEA744C4291C26B2009350A0 /* topupbankingTests.xctest */ = {isa = PBXFileReference; explicitFileType = wrapper.cfbundle; includeInIndex = 0; path = topupbankingTests.xctest; sourceTree = BUILT_PRODUCTS_DIR; };
		CEA744C8291C26B2009350A0 /* topupbankingTests.swift */ = {isa = PBXFileReference; lastKnownFileType = sourcecode.swift; path = topupbankingTests.swift; sourceTree = "<group>"; };
		CEA744CE291C26B2009350A0 /* topupbankingUITests.xctest */ = {isa = PBXFileReference; explicitFileType = wrapper.cfbundle; includeInIndex = 0; path = topupbankingUITests.xctest; sourceTree = BUILT_PRODUCTS_DIR; };
		CEA744D2291C26B2009350A0 /* topupbankingUITests.swift */ = {isa = PBXFileReference; lastKnownFileType = sourcecode.swift; path = topupbankingUITests.swift; sourceTree = "<group>"; };
		CEA744D4291C26B2009350A0 /* topupbankingUITestsLaunchTests.swift */ = {isa = PBXFileReference; lastKnownFileType = sourcecode.swift; path = topupbankingUITestsLaunchTests.swift; sourceTree = "<group>"; };
/* End PBXFileReference section */

/* Begin PBXFrameworksBuildPhase section */
		CEA744A8291C26B0009350A0 /* Frameworks */ = {
			isa = PBXFrameworksBuildPhase;
			buildActionMask = 2147483647;
			files = (
			);
			runOnlyForDeploymentPostprocessing = 0;
		};
		CEA744C1291C26B2009350A0 /* Frameworks */ = {
			isa = PBXFrameworksBuildPhase;
			buildActionMask = 2147483647;
			files = (
			);
			runOnlyForDeploymentPostprocessing = 0;
		};
		CEA744CB291C26B2009350A0 /* Frameworks */ = {
			isa = PBXFrameworksBuildPhase;
			buildActionMask = 2147483647;
			files = (
			);
			runOnlyForDeploymentPostprocessing = 0;
		};
/* End PBXFrameworksBuildPhase section */

/* Begin PBXGroup section */
		CEA744A2291C26B0009350A0 = {
			isa = PBXGroup;
			children = (
				CEA744AD291C26B0009350A0 /* topupbanking */,
				CEA744C7291C26B2009350A0 /* topupbankingTests */,
				CEA744D1291C26B2009350A0 /* topupbankingUITests */,
				CEA744AC291C26B0009350A0 /* Products */,
			);
			sourceTree = "<group>";
		};
		CEA744AC291C26B0009350A0 /* Products */ = {
			isa = PBXGroup;
			children = (
				CEA744AB291C26B0009350A0 /* topupbanking.app */,
				CEA744C4291C26B2009350A0 /* topupbankingTests.xctest */,
				CEA744CE291C26B2009350A0 /* topupbankingUITests.xctest */,
			);
			name = Products;
			sourceTree = "<group>";
		};
		CEA744AD291C26B0009350A0 /* topupbanking */ = {
			isa = PBXGroup;
			children = (
				CEA744AE291C26B0009350A0 /* AppDelegate.swift */,
				CEA744B0291C26B0009350A0 /* SceneDelegate.swift */,
				CEA744B2291C26B0009350A0 /* ViewController.swift */,
				CEA744B4291C26B0009350A0 /* Main.storyboard */,
				CEA744BA291C26B2009350A0 /* Assets.xcassets */,
				CEA744BC291C26B2009350A0 /* LaunchScreen.storyboard */,
				CEA744BF291C26B2009350A0 /* Info.plist */,
				CEA744B7291C26B0009350A0 /* topupbanking.xcdatamodeld */,
			);
			path = topupbanking;
			sourceTree = "<group>";
		};
		CEA744C7291C26B2009350A0 /* topupbankingTests */ = {
			isa = PBXGroup;
			children = (
				CEA744C8291C26B2009350A0 /* topupbankingTests.swift */,
			);
			path = topupbankingTests;
			sourceTree = "<group>";
		};
		CEA744D1291C26B2009350A0 /* topupbankingUITests */ = {
			isa = PBXGroup;
			children = (
				CEA744D2291C26B2009350A0 /* topupbankingUITests.swift */,
				CEA744D4291C26B2009350A0 /* topupbankingUITestsLaunchTests.swift */,
			);
			path = topupbankingUITests;
			sourceTree = "<group>";
		};
/* End PBXGroup section */

/* Begin PBXNativeTarget section */
		CEA744AA291C26B0009350A0 /* topupbanking */ = {
			isa = PBXNativeTarget;
			buildConfigurationList = CEA744D8291C26B2009350A0 /* Build configuration list for PBXNativeTarget "topupbanking" */;
			buildPhases = (
				CEA744A7291C26B0009350A0 /* Sources */,
				CEA744A8291C26B0009350A0 /* Frameworks */,
				CEA744A9291C26B0009350A0 /* Resources */,
			);
			buildRules = (
			);
			dependencies = (
			);
			name = topupbanking;
			productName = topupbanking;
			productReference = CEA744AB291C26B0009350A0 /* topupbanking.app */;
			productType = "com.apple.product-type.application";
		};
		CEA744C3291C26B2009350A0 /* topupbankingTests */ = {
			isa = PBXNativeTarget;
			buildConfigurationList = CEA744DB291C26B2009350A0 /* Build configuration list for PBXNativeTarget "topupbankingTests" */;
			buildPhases = (
				CEA744C0291C26B2009350A0 /* Sources */,
				CEA744C1291C26B2009350A0 /* Frameworks */,
				CEA744C2291C26B2009350A0 /* Resources */,
			);
			buildRules = (
			);
			dependencies = (
				CEA744C6291C26B2009350A0 /* PBXTargetDependency */,
			);
			name = topupbankingTests;
			productName = topupbankingTests;
			productReference = CEA744C4291C26B2009350A0 /* topupbankingTests.xctest */;
			productType = "com.apple.product-type.bundle.unit-test";
		};
		CEA744CD291C26B2009350A0 /* topupbankingUITests */ = {
			isa = PBXNativeTarget;
			buildConfigurationList = CEA744DE291C26B2009350A0 /* Build configuration list for PBXNativeTarget "topupbankingUITests" */;
			buildPhases = (
				CEA744CA291C26B2009350A0 /* Sources */,
				CEA744CB291C26B2009350A0 /* Frameworks */,
				CEA744CC291C26B2009350A0 /* Resources */,
			);
			buildRules = (
			);
			dependencies = (
				CEA744D0291C26B2009350A0 /* PBXTargetDependency */,
			);
			name = topupbankingUITests;
			productName = topupbankingUITests;
			productReference = CEA744CE291C26B2009350A0 /* topupbankingUITests.xctest */;
			productType = "com.apple.product-type.bundle.ui-testing";
		};
/* End PBXNativeTarget section */

/* Begin PBXProject section */
		CEA744A3291C26B0009350A0 /* Project object */ = {
			isa = PBXProject;
			attributes = {
				BuildIndependentTargetsInParallel = 1;
				LastSwiftUpdateCheck = 1410;
				LastUpgradeCheck = 1410;
				TargetAttributes = {
					CEA744AA291C26B0009350A0 = {
						CreatedOnToolsVersion = 14.1;
					};
					CEA744C3291C26B2009350A0 = {
						CreatedOnToolsVersion = 14.1;
						TestTargetID = CEA744AA291C26B0009350A0;
					};
					CEA744CD291C26B2009350A0 = {
						CreatedOnToolsVersion = 14.1;
						TestTargetID = CEA744AA291C26B0009350A0;
					};
				};
			};
			buildConfigurationList = CEA744A6291C26B0009350A0 /* Build configuration list for PBXProject "topupbanking" */;
			compatibilityVersion = "Xcode 14.0";
			developmentRegion = en;
			hasScannedForEncodings = 0;
			knownRegions = (
				en,
				Base,
			);
			mainGroup = CEA744A2291C26B0009350A0;
			productRefGroup = CEA744AC291C26B0009350A0 /* Products */;
			projectDirPath = "";
			projectRoot = "";
			targets = (
				CEA744AA291C26B0009350A0 /* topupbanking */,
				CEA744C3291C26B2009350A0 /* topupbankingTests */,
				CEA744CD291C26B2009350A0 /* topupbankingUITests */,
			);
		};
/* End PBXProject section */

/* Begin PBXResourcesBuildPhase section */
		CEA744A9291C26B0009350A0 /* Resources */ = {
			isa = PBXResourcesBuildPhase;
			buildActionMask = 2147483647;
			files = (
				CEA744BE291C26B2009350A0 /* LaunchScreen.storyboard in Resources */,
				CEA744BB291C26B2009350A0 /* Assets.xcassets in Resources */,
				CEA744B6291C26B0009350A0 /* Main.storyboard in Resources */,
			);
			runOnlyForDeploymentPostprocessing = 0;
		};
		CEA744C2291C26B2009350A0 /* Resources */ = {
			isa = PBXResourcesBuildPhase;
			buildActionMask = 2147483647;
			files = (
			);
			runOnlyForDeploymentPostprocessing = 0;
		};
		CEA744CC291C26B2009350A0 /* Resources */ = {
			isa = PBXResourcesBuildPhase;
			buildActionMask = 2147483647;
			files = (
			);
			runOnlyForDeploymentPostprocessing = 0;
		};
/* End PBXResourcesBuildPhase section */

/* Begin PBXSourcesBuildPhase section */
		CEA744A7291C26B0009350A0 /* Sources */ = {
			isa = PBXSourcesBuildPhase;
			buildActionMask = 2147483647;
			files = (
				CEA744B3291C26B0009350A0 /* ViewController.swift in Sources */,
				CEA744AF291C26B0009350A0 /* AppDelegate.swift in Sources */,
				CEA744B1291C26B0009350A0 /* SceneDelegate.swift in Sources */,
				CEA744B9291C26B0009350A0 /* topupbanking.xcdatamodeld in Sources */,
			);
			runOnlyForDeploymentPostprocessing = 0;
		};
		CEA744C0291C26B2009350A0 /* Sources */ = {
			isa = PBXSourcesBuildPhase;
			buildActionMask = 2147483647;
			files = (
				CEA744C9291C26B2009350A0 /* topupbankingTests.swift in Sources */,
			);
			runOnlyForDeploymentPostprocessing = 0;
		};
		CEA744CA291C26B2009350A0 /* Sources */ = {
			isa = PBXSourcesBuildPhase;
			buildActionMask = 2147483647;
			files = (
				CEA744D5291C26B2009350A0 /* topupbankingUITestsLaunchTests.swift in Sources */,
				CEA744D3291C26B2009350A0 /* topupbankingUITests.swift in Sources */,
			);
			runOnlyForDeploymentPostprocessing = 0;
		};
/* End PBXSourcesBuildPhase section */

/* Begin PBXTargetDependency section */
		CEA744C6291C26B2009350A0 /* PBXTargetDependency */ = {
			isa = PBXTargetDependency;
			target = CEA744AA291C26B0009350A0 /* topupbanking */;
			targetProxy = CEA744C5291C26B2009350A0 /* PBXContainerItemProxy */;
		};
		CEA744D0291C26B2009350A0 /* PBXTargetDependency */ = {
			isa = PBXTargetDependency;
			target = CEA744AA291C26B0009350A0 /* topupbanking */;
			targetProxy = CEA744CF291C26B2009350A0 /* PBXContainerItemProxy */;
		};
/* End PBXTargetDependency section */

/* Begin PBXVariantGroup section */
		CEA744B4291C26B0009350A0 /* Main.storyboard */ = {
			isa = PBXVariantGroup;
			children = (
				CEA744B5291C26B0009350A0 /* Base */,
			);
			name = Main.storyboard;
			sourceTree = "<group>";
		};
		CEA744BC291C26B2009350A0 /* LaunchScreen.storyboard */ = {
			isa = PBXVariantGroup;
			children = (
				CEA744BD291C26B2009350A0 /* Base */,
			);
			name = LaunchScreen.storyboard;
			sourceTree = "<group>";
		};
/* End PBXVariantGroup section */

/* Begin XCBuildConfiguration section */
		CEA744D6291C26B2009350A0 /* Debug */ = {
			isa = XCBuildConfiguration;
			buildSettings = {
				ALWAYS_SEARCH_USER_PATHS = NO;
				CLANG_ANALYZER_NONNULL = YES;
				CLANG_ANALYZER_NUMBER_OBJECT_CONVERSION = YES_AGGRESSIVE;
				CLANG_CXX_LANGUAGE_STANDARD = "gnu++20";
				CLANG_ENABLE_MODULES = YES;
				CLANG_ENABLE_OBJC_ARC = YES;
				CLANG_ENABLE_OBJC_WEAK = YES;
				CLANG_WARN_BLOCK_CAPTURE_AUTORELEASING = YES;
				CLANG_WARN_BOOL_CONVERSION = YES;
				CLANG_WARN_COMMA = YES;
				CLANG_WARN_CONSTANT_CONVERSION = YES;
				CLANG_WARN_DEPRECATED_OBJC_IMPLEMENTATIONS = YES;
				CLANG_WARN_DIRECT_OBJC_ISA_USAGE = YES_ERROR;
				CLANG_WARN_DOCUMENTATION_COMMENTS = YES;
				CLANG_WARN_EMPTY_BODY = YES;
				CLANG_WARN_ENUM_CONVERSION = YES;
				CLANG_WARN_INFINITE_RECURSION = YES;
				CLANG_WARN_INT_CONVERSION = YES;
				CLANG_WARN_NON_LITERAL_NULL_CONVERSION = YES;
				CLANG_WARN_OBJC_IMPLICIT_RETAIN_SELF = YES;
				CLANG_WARN_OBJC_LITERAL_CONVERSION = YES;
				CLANG_WARN_OBJC_ROOT_CLASS = YES_ERROR;
				CLANG_WARN_QUOTED_INCLUDE_IN_FRAMEWORK_HEADER = YES;
				CLANG_WARN_RANGE_LOOP_ANALYSIS = YES;
				CLANG_WARN_STRICT_PROTOTYPES = YES;
				CLANG_WARN_SUSPICIOUS_MOVE = YES;
				CLANG_WARN_UNGUARDED_AVAILABILITY = YES_AGGRESSIVE;
				CLANG_WARN_UNREACHABLE_CODE = YES;
				CLANG_WARN__DUPLICATE_METHOD_MATCH = YES;
				COPY_PHASE_STRIP = NO;
				DEBUG_INFORMATION_FORMAT = dwarf;
				ENABLE_STRICT_OBJC_MSGSEND = YES;
				ENABLE_TESTABILITY = YES;
				GCC_C_LANGUAGE_STANDARD = gnu11;
				GCC_DYNAMIC_NO_PIC = NO;
				GCC_NO_COMMON_BLOCKS = YES;
				GCC_OPTIMIZATION_LEVEL = 0;
				GCC_PREPROCESSOR_DEFINITIONS = (
					"DEBUG=1",
					"$(inherited)",
				);
				GCC_WARN_64_TO_32_BIT_CONVERSION = YES;
				GCC_WARN_ABOUT_RETURN_TYPE = YES_ERROR;
				GCC_WARN_UNDECLARED_SELECTOR = YES;
				GCC_WARN_UNINITIALIZED_AUTOS = YES_AGGRESSIVE;
				GCC_WARN_UNUSED_FUNCTION = YES;
				GCC_WARN_UNUSED_VARIABLE = YES;
				IPHONEOS_DEPLOYMENT_TARGET = 16.1;
				MTL_ENABLE_DEBUG_INFO = INCLUDE_SOURCE;
				MTL_FAST_MATH = YES;
				ONLY_ACTIVE_ARCH = YES;
				SDKROOT = iphoneos;
				SWIFT_ACTIVE_COMPILATION_CONDITIONS = DEBUG;
				SWIFT_OPTIMIZATION_LEVEL = "-Onone";
			};
			name = Debug;
		};
		CEA744D7291C26B2009350A0 /* Release */ = {
			isa = XCBuildConfiguration;
			buildSettings = {
				ALWAYS_SEARCH_USER_PATHS = NO;
				CLANG_ANALYZER_NONNULL = YES;
				CLANG_ANALYZER_NUMBER_OBJECT_CONVERSION = YES_AGGRESSIVE;
				CLANG_CXX_LANGUAGE_STANDARD = "gnu++20";
				CLANG_ENABLE_MODULES = YES;
				CLANG_ENABLE_OBJC_ARC = YES;
				CLANG_ENABLE_OBJC_WEAK = YES;
				CLANG_WARN_BLOCK_CAPTURE_AUTORELEASING = YES;
				CLANG_WARN_BOOL_CONVERSION = YES;
				CLANG_WARN_COMMA = YES;
				CLANG_WARN_CONSTANT_CONVERSION = YES;
				CLANG_WARN_DEPRECATED_OBJC_IMPLEMENTATIONS = YES;
				CLANG_WARN_DIRECT_OBJC_ISA_USAGE = YES_ERROR;
				CLANG_WARN_DOCUMENTATION_COMMENTS = YES;
				CLANG_WARN_EMPTY_BODY = YES;
				CLANG_WARN_ENUM_CONVERSION = YES;
				CLANG_WARN_INFINITE_RECURSION = YES;
				CLANG_WARN_INT_CONVERSION = YES;
				CLANG_WARN_NON_LITERAL_NULL_CONVERSION = YES;
				CLANG_WARN_OBJC_IMPLICIT_RETAIN_SELF = YES;
				CLANG_WARN_OBJC_LITERAL_CONVERSION = YES;
				CLANG_WARN_OBJC_ROOT_CLASS = YES_ERROR;
				CLANG_WARN_QUOTED_INCLUDE_IN_FRAMEWORK_HEADER = YES;
				CLANG_WARN_RANGE_LOOP_ANALYSIS = YES;
				CLANG_WARN_STRICT_PROTOTYPES = YES;
				CLANG_WARN_SUSPICIOUS_MOVE = YES;
				CLANG_WARN_UNGUARDED_AVAILABILITY = YES_AGGRESSIVE;
				CLANG_WARN_UNREACHABLE_CODE = YES;
				CLANG_WARN__DUPLICATE_METHOD_MATCH = YES;
				COPY_PHASE_STRIP = NO;
				DEBUG_INFORMATION_FORMAT = "dwarf-with-dsym";
				ENABLE_NS_ASSERTIONS = NO;
				ENABLE_STRICT_OBJC_MSGSEND = YES;
				GCC_C_LANGUAGE_STANDARD = gnu11;
				GCC_NO_COMMON_BLOCKS = YES;
				GCC_WARN_64_TO_32_BIT_CONVERSION = YES;
				GCC_WARN_ABOUT_RETURN_TYPE = YES_ERROR;
				GCC_WARN_UNDECLARED_SELECTOR = YES;
				GCC_WARN_UNINITIALIZED_AUTOS = YES_AGGRESSIVE;
				GCC_WARN_UNUSED_FUNCTION = YES;
				GCC_WARN_UNUSED_VARIABLE = YES;
				IPHONEOS_DEPLOYMENT_TARGET = 16.1;
				MTL_ENABLE_DEBUG_INFO = NO;
				MTL_FAST_MATH = YES;
				SDKROOT = iphoneos;
				SWIFT_COMPILATION_MODE = wholemodule;
				SWIFT_OPTIMIZATION_LEVEL = "-O";
				VALIDATE_PRODUCT = YES;
			};
			name = Release;
		};
		CEA744D9291C26B2009350A0 /* Debug */ = {
			isa = XCBuildConfiguration;
			buildSettings = {
				ASSETCATALOG_COMPILER_APPICON_NAME = AppIcon;
				ASSETCATALOG_COMPILER_GLOBAL_ACCENT_COLOR_NAME = AccentColor;
				CODE_SIGN_STYLE = Automatic;
				CURRENT_PROJECT_VERSION = 1;
				DEVELOPMENT_TEAM = 4543GKL842;
				GENERATE_INFOPLIST_FILE = YES;
				INFOPLIST_FILE = topupbanking/Info.plist;
				INFOPLIST_KEY_UIApplicationSupportsIndirectInputEvents = YES;
				INFOPLIST_KEY_UILaunchStoryboardName = LaunchScreen;
				INFOPLIST_KEY_UIMainStoryboardFile = Main;
				INFOPLIST_KEY_UISupportedInterfaceOrientations_iPad = "UIInterfaceOrientationPortrait UIInterfaceOrientationPortraitUpsideDown UIInterfaceOrientationLandscapeLeft UIInterfaceOrientationLandscapeRight";
				INFOPLIST_KEY_UISupportedInterfaceOrientations_iPhone = "UIInterfaceOrientationPortrait UIInterfaceOrientationLandscapeLeft UIInterfaceOrientationLandscapeRight";
				LD_RUNPATH_SEARCH_PATHS = (
					"$(inherited)",
					"@executable_path/Frameworks",
				);
				MARKETING_VERSION = 1.0;
				PRODUCT_BUNDLE_IDENTIFIER = jme.topupbanking;
				PRODUCT_NAME = "$(TARGET_NAME)";
				SWIFT_EMIT_LOC_STRINGS = YES;
				SWIFT_VERSION = 5.0;
				TARGETED_DEVICE_FAMILY = "1,2";
			};
			name = Debug;
		};
		CEA744DA291C26B2009350A0 /* Release */ = {
			isa = XCBuildConfiguration;
			buildSettings = {
				ASSETCATALOG_COMPILER_APPICON_NAME = AppIcon;
				ASSETCATALOG_COMPILER_GLOBAL_ACCENT_COLOR_NAME = AccentColor;
				CODE_SIGN_STYLE = Automatic;
				CURRENT_PROJECT_VERSION = 1;
				DEVELOPMENT_TEAM = 4543GKL842;
				GENERATE_INFOPLIST_FILE = YES;
				INFOPLIST_FILE = topupbanking/Info.plist;
				INFOPLIST_KEY_UIApplicationSupportsIndirectInputEvents = YES;
				INFOPLIST_KEY_UILaunchStoryboardName = LaunchScreen;
				INFOPLIST_KEY_UIMainStoryboardFile = Main;
				INFOPLIST_KEY_UISupportedInterfaceOrientations_iPad = "UIInterfaceOrientationPortrait UIInterfaceOrientationPortraitUpsideDown UIInterfaceOrientationLandscapeLeft UIInterfaceOrientationLandscapeRight";
				INFOPLIST_KEY_UISupportedInterfaceOrientations_iPhone = "UIInterfaceOrientationPortrait UIInterfaceOrientationLandscapeLeft UIInterfaceOrientationLandscapeRight";
				LD_RUNPATH_SEARCH_PATHS = (
					"$(inherited)",
					"@executable_path/Frameworks",
				);
				MARKETING_VERSION = 1.0;
				PRODUCT_BUNDLE_IDENTIFIER = jme.topupbanking;
				PRODUCT_NAME = "$(TARGET_NAME)";
				SWIFT_EMIT_LOC_STRINGS = YES;
				SWIFT_VERSION = 5.0;
				TARGETED_DEVICE_FAMILY = "1,2";
			};
			name = Release;
		};
		CEA744DC291C26B2009350A0 /* Debug */ = {
			isa = XCBuildConfiguration;
			buildSettings = {
				ALWAYS_EMBED_SWIFT_STANDARD_LIBRARIES = YES;
				BUNDLE_LOADER = "$(TEST_HOST)";
				CODE_SIGN_STYLE = Automatic;
				CURRENT_PROJECT_VERSION = 1;
				DEVELOPMENT_TEAM = 4543GKL842;
				GENERATE_INFOPLIST_FILE = YES;
				IPHONEOS_DEPLOYMENT_TARGET = 16.1;
				MARKETING_VERSION = 1.0;
				PRODUCT_BUNDLE_IDENTIFIER = jme.topupbankingTests;
				PRODUCT_NAME = "$(TARGET_NAME)";
				SWIFT_EMIT_LOC_STRINGS = NO;
				SWIFT_VERSION = 5.0;
				TARGETED_DEVICE_FAMILY = "1,2";
				TEST_HOST = "$(BUILT_PRODUCTS_DIR)/topupbanking.app/$(BUNDLE_EXECUTABLE_FOLDER_PATH)/topupbanking";
			};
			name = Debug;
		};
		CEA744DD291C26B2009350A0 /* Release */ = {
			isa = XCBuildConfiguration;
			buildSettings = {
				ALWAYS_EMBED_SWIFT_STANDARD_LIBRARIES = YES;
				BUNDLE_LOADER = "$(TEST_HOST)";
				CODE_SIGN_STYLE = Automatic;
				CURRENT_PROJECT_VERSION = 1;
				DEVELOPMENT_TEAM = 4543GKL842;
				GENERATE_INFOPLIST_FILE = YES;
				IPHONEOS_DEPLOYMENT_TARGET = 16.1;
				MARKETING_VERSION = 1.0;
				PRODUCT_BUNDLE_IDENTIFIER = jme.topupbankingTests;
				PRODUCT_NAME = "$(TARGET_NAME)";
				SWIFT_EMIT_LOC_STRINGS = NO;
				SWIFT_VERSION = 5.0;
				TARGETED_DEVICE_FAMILY = "1,2";
				TEST_HOST = "$(BUILT_PRODUCTS_DIR)/topupbanking.app/$(BUNDLE_EXECUTABLE_FOLDER_PATH)/topupbanking";
			};
			name = Release;
		};
		CEA744DF291C26B2009350A0 /* Debug */ = {
			isa = XCBuildConfiguration;
			buildSettings = {
				ALWAYS_EMBED_SWIFT_STANDARD_LIBRARIES = YES;
				CODE_SIGN_STYLE = Automatic;
				CURRENT_PROJECT_VERSION = 1;
				DEVELOPMENT_TEAM = 4543GKL842;
				GENERATE_INFOPLIST_FILE = YES;
				MARKETING_VERSION = 1.0;
				PRODUCT_BUNDLE_IDENTIFIER = jme.topupbankingUITests;
				PRODUCT_NAME = "$(TARGET_NAME)";
				SWIFT_EMIT_LOC_STRINGS = NO;
				SWIFT_VERSION = 5.0;
				TARGETED_DEVICE_FAMILY = "1,2";
				TEST_TARGET_NAME = topupbanking;
			};
			name = Debug;
		};
		CEA744E0291C26B2009350A0 /* Release */ = {
			isa = XCBuildConfiguration;
			buildSettings = {
				ALWAYS_EMBED_SWIFT_STANDARD_LIBRARIES = YES;
				CODE_SIGN_STYLE = Automatic;
				CURRENT_PROJECT_VERSION = 1;
				DEVELOPMENT_TEAM = 4543GKL842;
				GENERATE_INFOPLIST_FILE = YES;
				MARKETING_VERSION = 1.0;
				PRODUCT_BUNDLE_IDENTIFIER = jme.topupbankingUITests;
				PRODUCT_NAME = "$(TARGET_NAME)";
				SWIFT_EMIT_LOC_STRINGS = NO;
				SWIFT_VERSION = 5.0;
				TARGETED_DEVICE_FAMILY = "1,2";
				TEST_TARGET_NAME = topupbanking;
			};
			name = Release;
		};
/* End XCBuildConfiguration section */

/* Begin XCConfigurationList section */
		CEA744A6291C26B0009350A0 /* Build configuration list for PBXProject "topupbanking" */ = {
			isa = XCConfigurationList;
			buildConfigurations = (
				CEA744D6291C26B2009350A0 /* Debug */,
				CEA744D7291C26B2009350A0 /* Release */,
			);
			defaultConfigurationIsVisible = 0;
			defaultConfigurationName = Release;
		};
		CEA744D8291C26B2009350A0 /* Build configuration list for PBXNativeTarget "topupbanking" */ = {
			isa = XCConfigurationList;
			buildConfigurations = (
				CEA744D9291C26B2009350A0 /* Debug */,
				CEA744DA291C26B2009350A0 /* Release */,
			);
			defaultConfigurationIsVisible = 0;
			defaultConfigurationName = Release;
		};
		CEA744DB291C26B2009350A0 /* Build configuration list for PBXNativeTarget "topupbankingTests" */ = {
			isa = XCConfigurationList;
			buildConfigurations = (
				CEA744DC291C26B2009350A0 /* Debug */,
				CEA744DD291C26B2009350A0 /* Release */,
			);
			defaultConfigurationIsVisible = 0;
			defaultConfigurationName = Release;
		};
		CEA744DE291C26B2009350A0 /* Build configuration list for PBXNativeTarget "topupbankingUITests" */ = {
			isa = XCConfigurationList;
			buildConfigurations = (
				CEA744DF291C26B2009350A0 /* Debug */,
				CEA744E0291C26B2009350A0 /* Release */,
			);
			defaultConfigurationIsVisible = 0;
			defaultConfigurationName = Release;
		};
/* End XCConfigurationList section */

/* Begin XCVersionGroup section */
		CEA744B7291C26B0009350A0 /* topupbanking.xcdatamodeld */ = {
			isa = XCVersionGroup;
			children = (
				CEA744B8291C26B0009350A0 /* topupbanking.xcdatamodel */,
			);
			currentVersion = CEA744B8291C26B0009350A0 /* topupbanking.xcdatamodel */;
			path = topupbanking.xcdatamodeld;
			sourceTree = "<group>";
			versionGroupType = wrapper.xcdatamodel;
		};
/* End XCVersionGroup section */
	};
	rootObject = CEA744A3291C26B0009350A0 /* Project object */;
}
