// !$*UTF8*$!
{
	archiveVersion = 1;
	classes = {
	};
	objectVersion = 56;
	objects = {

/* Begin PBXBuildFile section */
		28F34C844429DA200B836B5D /* Pods_topupbanking.framework in Frameworks */ = {isa = PBXBuildFile; fileRef = EA98A83BA297BBEDDF6A1306 /* Pods_topupbanking.framework */; };
		41D0128AE7F368CF814EF6C1 /* Pods_topupbankingTests.framework in Frameworks */ = {isa = PBXBuildFile; fileRef = EBBBEDC5462ABF31F4147B1D /* Pods_topupbankingTests.framework */; };
		CB9C2F44B55A4BEFBC7046E6 /* Pods_topupbanking_topupbankingUITests.framework in Frameworks */ = {isa = PBXBuildFile; fileRef = 578FA5372BA0849330049DD5 /* Pods_topupbanking_topupbankingUITests.framework */; };
		CEA744AF291C26B0009350A0 /* AppDelegate.swift in Sources */ = {isa = PBXBuildFile; fileRef = CEA744AE291C26B0009350A0 /* AppDelegate.swift */; };
		CEA744B1291C26B0009350A0 /* SceneDelegate.swift in Sources */ = {isa = PBXBuildFile; fileRef = CEA744B0291C26B0009350A0 /* SceneDelegate.swift */; };
		CEA744B9291C26B0009350A0 /* topupbanking.xcdatamodeld in Sources */ = {isa = PBXBuildFile; fileRef = CEA744B7291C26B0009350A0 /* topupbanking.xcdatamodeld */; };
		CEA744BB291C26B2009350A0 /* Assets.xcassets in Resources */ = {isa = PBXBuildFile; fileRef = CEA744BA291C26B2009350A0 /* Assets.xcassets */; };
		CEA744C9291C26B2009350A0 /* topupbankingTests.swift in Sources */ = {isa = PBXBuildFile; fileRef = CEA744C8291C26B2009350A0 /* topupbankingTests.swift */; };
		CEA744D3291C26B2009350A0 /* topupbankingUITests.swift in Sources */ = {isa = PBXBuildFile; fileRef = CEA744D2291C26B2009350A0 /* topupbankingUITests.swift */; };
		CEA744D5291C26B2009350A0 /* topupbankingUITestsLaunchTests.swift in Sources */ = {isa = PBXBuildFile; fileRef = CEA744D4291C26B2009350A0 /* topupbankingUITestsLaunchTests.swift */; };
		CEA744EB291C2F78009350A0 /* LaunchScreen.xib in Resources */ = {isa = PBXBuildFile; fileRef = CEA744EA291C2F78009350A0 /* LaunchScreen.xib */; };
		CEA744F1291C35F8009350A0 /* SpinnerView.xib in Resources */ = {isa = PBXBuildFile; fileRef = CEA744F0291C35F8009350A0 /* SpinnerView.xib */; };
		CEA744F92921077A009350A0 /* Errors.swift in Sources */ = {isa = PBXBuildFile; fileRef = CEA744F82921077A009350A0 /* Errors.swift */; };
		CEA744FB29210AE5009350A0 /* RegisterViewModel.swift in Sources */ = {isa = PBXBuildFile; fileRef = CEA744FA29210AE5009350A0 /* RegisterViewModel.swift */; };
		CEA744FD29210CE5009350A0 /* LoginViewModel.swift in Sources */ = {isa = PBXBuildFile; fileRef = CEA744FC29210CE5009350A0 /* LoginViewModel.swift */; };
		CEA744FF29210E03009350A0 /* APIManager.swift in Sources */ = {isa = PBXBuildFile; fileRef = CEA744FE29210E03009350A0 /* APIManager.swift */; };
		CEA7450129211245009350A0 /* KeychainHelper.swift in Sources */ = {isa = PBXBuildFile; fileRef = CEA7450029211245009350A0 /* KeychainHelper.swift */; };
		CEA74504292112AE009350A0 /* KeychainSwift in Frameworks */ = {isa = PBXBuildFile; productRef = CEA74503292112AE009350A0 /* KeychainSwift */; };
		CEA7450729211319009350A0 /* User.swift in Sources */ = {isa = PBXBuildFile; fileRef = CEA7450629211319009350A0 /* User.swift */; };
		CEA74509292114BE009350A0 /* APIError.swift in Sources */ = {isa = PBXBuildFile; fileRef = CEA74508292114BE009350A0 /* APIError.swift */; };
		CEA7450B292114E8009350A0 /* APIEndpoint.swift in Sources */ = {isa = PBXBuildFile; fileRef = CEA7450A292114E8009350A0 /* APIEndpoint.swift */; };
		CEA7451029211B01009350A0 /* HomeView.xib in Resources */ = {isa = PBXBuildFile; fileRef = CEA7450F29211B01009350A0 /* HomeView.xib */; };
		CEA7451229211B19009350A0 /* HomeViewController.swift in Sources */ = {isa = PBXBuildFile; fileRef = CEA7451129211B19009350A0 /* HomeViewController.swift */; };
		CEA7451529211E14009350A0 /* TransactionCell.swift in Sources */ = {isa = PBXBuildFile; fileRef = CEA7451429211E14009350A0 /* TransactionCell.swift */; };
		CEA7451729211E36009350A0 /* TransactionCell.xib in Resources */ = {isa = PBXBuildFile; fileRef = CEA7451629211E36009350A0 /* TransactionCell.xib */; };
		CEA7451A2921285F009350A0 /* TransactionViewController.swift in Sources */ = {isa = PBXBuildFile; fileRef = CEA745192921285F009350A0 /* TransactionViewController.swift */; };
		CEA7451C2921287E009350A0 /* TransactionView.xib in Resources */ = {isa = PBXBuildFile; fileRef = CEA7451B2921287E009350A0 /* TransactionView.xib */; };
		CEA8F5622922CD790021506B /* BalanceCell.swift in Sources */ = {isa = PBXBuildFile; fileRef = CEA8F5612922CD790021506B /* BalanceCell.swift */; };
		CEA8F5642922CDB30021506B /* BalanceCellView.xib in Resources */ = {isa = PBXBuildFile; fileRef = CEA8F5632922CDB30021506B /* BalanceCellView.xib */; };
		CEA8F5672928DBA70021506B /* LoginView.xib in Resources */ = {isa = PBXBuildFile; fileRef = CEA8F5662928DBA70021506B /* LoginView.xib */; };
		CEA8F5692928E6CB0021506B /* LoginViewController.swift in Sources */ = {isa = PBXBuildFile; fileRef = CEA8F5682928E6CB0021506B /* LoginViewController.swift */; };
		CEA8F56C292903EA0021506B /* CustomButton.swift in Sources */ = {isa = PBXBuildFile; fileRef = CEA8F56B292903EA0021506B /* CustomButton.swift */; };
		CEBF69A2292A4CAA009E96F9 /* UserDefaultsHelper.swift in Sources */ = {isa = PBXBuildFile; fileRef = CEBF69A1292A4CAA009E96F9 /* UserDefaultsHelper.swift */; };
		CEBF69A4292A50C6009E96F9 /* UserManager.swift in Sources */ = {isa = PBXBuildFile; fileRef = CEBF69A3292A50C6009E96F9 /* UserManager.swift */; };
		CEBF69A6292A7AEC009E96F9 /* Transaction.swift in Sources */ = {isa = PBXBuildFile; fileRef = CEBF69A5292A7AEC009E96F9 /* Transaction.swift */; };
		CEBF69A8292A7BD7009E96F9 /* TransactionsResponse.swift in Sources */ = {isa = PBXBuildFile; fileRef = CEBF69A7292A7BD7009E96F9 /* TransactionsResponse.swift */; };
		CEBF69AA292A7C14009E96F9 /* UserResponse.swift in Sources */ = {isa = PBXBuildFile; fileRef = CEBF69A9292A7C14009E96F9 /* UserResponse.swift */; };
		CEBF69AC292A7C3A009E96F9 /* AccountResponse.swift in Sources */ = {isa = PBXBuildFile; fileRef = CEBF69AB292A7C3A009E96F9 /* AccountResponse.swift */; };
		CEBF69AE292BCB13009E96F9 /* Account.swift in Sources */ = {isa = PBXBuildFile; fileRef = CEBF69AD292BCB13009E96F9 /* Account.swift */; };
		CEBF69B7292BE2C0009E96F9 /* UserRequest.swift in Sources */ = {isa = PBXBuildFile; fileRef = CEBF69B6292BE2C0009E96F9 /* UserRequest.swift */; };
		CEC72423292C06E20009C8B9 /* TransferMoneyView.xib in Resources */ = {isa = PBXBuildFile; fileRef = CEC72422292C06E20009C8B9 /* TransferMoneyView.xib */; };
		CEC72425292C09E90009C8B9 /* TransactionHistoryViewController.swift in Sources */ = {isa = PBXBuildFile; fileRef = CEC72424292C09E90009C8B9 /* TransactionHistoryViewController.swift */; };
		CEC72427292C0A340009C8B9 /* TransferMoneyViewController.swift in Sources */ = {isa = PBXBuildFile; fileRef = CEC72426292C0A340009C8B9 /* TransferMoneyViewController.swift */; };
		CEC7242A292C0AB70009C8B9 /* TransactionHistoryCell.swift in Sources */ = {isa = PBXBuildFile; fileRef = CEC72429292C0AB60009C8B9 /* TransactionHistoryCell.swift */; };
		CEC7242C292C0AFD0009C8B9 /* TransactionHistoryCell.xib in Resources */ = {isa = PBXBuildFile; fileRef = CEC7242B292C0AFD0009C8B9 /* TransactionHistoryCell.xib */; };
		CEDB31EE292C068700208AF5 /* TransactionHistoryView.xib in Resources */ = {isa = PBXBuildFile; fileRef = CEDB31ED292C068700208AF5 /* TransactionHistoryView.xib */; };
		CEF3DFA929322C95005B76C9 /* TransactionDetailsViewController.swift in Sources */ = {isa = PBXBuildFile; fileRef = CEF3DFA829322C95005B76C9 /* TransactionDetailsViewController.swift */; };
		CEF3DFAB29322CC4005B76C9 /* TransactionDetailsView.xib in Resources */ = {isa = PBXBuildFile; fileRef = CEF3DFAA29322CC4005B76C9 /* TransactionDetailsView.xib */; };
		CEF3DFAF29325287005B76C9 /* AccountManager.swift in Sources */ = {isa = PBXBuildFile; fileRef = CEF3DFAE29325287005B76C9 /* AccountManager.swift */; };
		CEF3DFB129339805005B76C9 /* AccountRequest.swift in Sources */ = {isa = PBXBuildFile; fileRef = CEF3DFB029339805005B76C9 /* AccountRequest.swift */; };
		CEF3DFB3293398A6005B76C9 /* TransactionRequest.swift in Sources */ = {isa = PBXBuildFile; fileRef = CEF3DFB2293398A6005B76C9 /* TransactionRequest.swift */; };
		CEF3DFB529339EF4005B76C9 /* TokenResponse.swift in Sources */ = {isa = PBXBuildFile; fileRef = CEF3DFB429339EF4005B76C9 /* TokenResponse.swift */; };
		CEF3DFB72933A067005B76C9 /* LoginURLResponse.swift in Sources */ = {isa = PBXBuildFile; fileRef = CEF3DFB62933A067005B76C9 /* LoginURLResponse.swift */; };
/* End PBXBuildFile section */

/* Begin PBXContainerItemProxy section */
		CEA744C5291C26B2009350A0 /* PBXContainerItemProxy */ = {
			isa = PBXContainerItemProxy;
			containerPortal = CEA744A3291C26B0009350A0 /* Project object */;
			proxyType = 1;
			remoteGlobalIDString = CEA744AA291C26B0009350A0;
			remoteInfo = topupbanking;
		};
		CEA744CF291C26B2009350A0 /* PBXContainerItemProxy */ = {
			isa = PBXContainerItemProxy;
			containerPortal = CEA744A3291C26B0009350A0 /* Project object */;
			proxyType = 1;
			remoteGlobalIDString = CEA744AA291C26B0009350A0;
			remoteInfo = topupbanking;
		};
/* End PBXContainerItemProxy section */

/* Begin PBXFileReference section */
		07502F0E1C322BD144843C3C /* Pods-topupbankingTests.release.xcconfig */ = {isa = PBXFileReference; includeInIndex = 1; lastKnownFileType = text.xcconfig; name = "Pods-topupbankingTests.release.xcconfig"; path = "Target Support Files/Pods-topupbankingTests/Pods-topupbankingTests.release.xcconfig"; sourceTree = "<group>"; };
		1490020E7E7808171A566EE8 /* Pods-topupbanking-topupbankingUITests.debug.xcconfig */ = {isa = PBXFileReference; includeInIndex = 1; lastKnownFileType = text.xcconfig; name = "Pods-topupbanking-topupbankingUITests.debug.xcconfig"; path = "Target Support Files/Pods-topupbanking-topupbankingUITests/Pods-topupbanking-topupbankingUITests.debug.xcconfig"; sourceTree = "<group>"; };
		578FA5372BA0849330049DD5 /* Pods_topupbanking_topupbankingUITests.framework */ = {isa = PBXFileReference; explicitFileType = wrapper.framework; includeInIndex = 0; path = Pods_topupbanking_topupbankingUITests.framework; sourceTree = BUILT_PRODUCTS_DIR; };
		9C7318AFAC1523D7BED555EB /* Pods-topupbanking.debug.xcconfig */ = {isa = PBXFileReference; includeInIndex = 1; lastKnownFileType = text.xcconfig; name = "Pods-topupbanking.debug.xcconfig"; path = "Target Support Files/Pods-topupbanking/Pods-topupbanking.debug.xcconfig"; sourceTree = "<group>"; };
		A440C6DEB17542C2F3A6449D /* Pods-topupbankingTests.debug.xcconfig */ = {isa = PBXFileReference; includeInIndex = 1; lastKnownFileType = text.xcconfig; name = "Pods-topupbankingTests.debug.xcconfig"; path = "Target Support Files/Pods-topupbankingTests/Pods-topupbankingTests.debug.xcconfig"; sourceTree = "<group>"; };
		CC0684E9CDDB73DE8937F1A2 /* Pods-topupbanking-topupbankingUITests.release.xcconfig */ = {isa = PBXFileReference; includeInIndex = 1; lastKnownFileType = text.xcconfig; name = "Pods-topupbanking-topupbankingUITests.release.xcconfig"; path = "Target Support Files/Pods-topupbanking-topupbankingUITests/Pods-topupbanking-topupbankingUITests.release.xcconfig"; sourceTree = "<group>"; };
		CEA744AB291C26B0009350A0 /* topupbanking.app */ = {isa = PBXFileReference; explicitFileType = wrapper.application; includeInIndex = 0; path = topupbanking.app; sourceTree = BUILT_PRODUCTS_DIR; };
		CEA744AE291C26B0009350A0 /* AppDelegate.swift */ = {isa = PBXFileReference; lastKnownFileType = sourcecode.swift; path = AppDelegate.swift; sourceTree = "<group>"; };
		CEA744B0291C26B0009350A0 /* SceneDelegate.swift */ = {isa = PBXFileReference; lastKnownFileType = sourcecode.swift; path = SceneDelegate.swift; sourceTree = "<group>"; };
		CEA744B8291C26B0009350A0 /* topupbanking.xcdatamodel */ = {isa = PBXFileReference; lastKnownFileType = wrapper.xcdatamodel; path = topupbanking.xcdatamodel; sourceTree = "<group>"; };
		CEA744BA291C26B2009350A0 /* Assets.xcassets */ = {isa = PBXFileReference; lastKnownFileType = folder.assetcatalog; path = Assets.xcassets; sourceTree = "<group>"; };
		CEA744BF291C26B2009350A0 /* Info.plist */ = {isa = PBXFileReference; lastKnownFileType = text.plist.xml; path = Info.plist; sourceTree = "<group>"; };
		CEA744C4291C26B2009350A0 /* topupbankingTests.xctest */ = {isa = PBXFileReference; explicitFileType = wrapper.cfbundle; includeInIndex = 0; path = topupbankingTests.xctest; sourceTree = BUILT_PRODUCTS_DIR; };
		CEA744C8291C26B2009350A0 /* topupbankingTests.swift */ = {isa = PBXFileReference; lastKnownFileType = sourcecode.swift; path = topupbankingTests.swift; sourceTree = "<group>"; };
		CEA744CE291C26B2009350A0 /* topupbankingUITests.xctest */ = {isa = PBXFileReference; explicitFileType = wrapper.cfbundle; includeInIndex = 0; path = topupbankingUITests.xctest; sourceTree = BUILT_PRODUCTS_DIR; };
		CEA744D2291C26B2009350A0 /* topupbankingUITests.swift */ = {isa = PBXFileReference; lastKnownFileType = sourcecode.swift; path = topupbankingUITests.swift; sourceTree = "<group>"; };
		CEA744D4291C26B2009350A0 /* topupbankingUITestsLaunchTests.swift */ = {isa = PBXFileReference; lastKnownFileType = sourcecode.swift; path = topupbankingUITestsLaunchTests.swift; sourceTree = "<group>"; };
		CEA744EA291C2F78009350A0 /* LaunchScreen.xib */ = {isa = PBXFileReference; lastKnownFileType = file.xib; path = LaunchScreen.xib; sourceTree = "<group>"; };
		CEA744F0291C35F8009350A0 /* SpinnerView.xib */ = {isa = PBXFileReference; lastKnownFileType = file.xib; path = SpinnerView.xib; sourceTree = "<group>"; };
		CEA744F82921077A009350A0 /* Errors.swift */ = {isa = PBXFileReference; lastKnownFileType = sourcecode.swift; path = Errors.swift; sourceTree = "<group>"; };
		CEA744FA29210AE5009350A0 /* RegisterViewModel.swift */ = {isa = PBXFileReference; lastKnownFileType = sourcecode.swift; path = RegisterViewModel.swift; sourceTree = "<group>"; };
		CEA744FC29210CE5009350A0 /* LoginViewModel.swift */ = {isa = PBXFileReference; lastKnownFileType = sourcecode.swift; path = LoginViewModel.swift; sourceTree = "<group>"; };
		CEA744FE29210E03009350A0 /* APIManager.swift */ = {isa = PBXFileReference; lastKnownFileType = sourcecode.swift; path = APIManager.swift; sourceTree = "<group>"; };
		CEA7450029211245009350A0 /* KeychainHelper.swift */ = {isa = PBXFileReference; lastKnownFileType = sourcecode.swift; path = KeychainHelper.swift; sourceTree = "<group>"; };
		CEA7450629211319009350A0 /* User.swift */ = {isa = PBXFileReference; lastKnownFileType = sourcecode.swift; path = User.swift; sourceTree = "<group>"; };
		CEA74508292114BE009350A0 /* APIError.swift */ = {isa = PBXFileReference; lastKnownFileType = sourcecode.swift; path = APIError.swift; sourceTree = "<group>"; };
		CEA7450A292114E8009350A0 /* APIEndpoint.swift */ = {isa = PBXFileReference; lastKnownFileType = sourcecode.swift; path = APIEndpoint.swift; sourceTree = "<group>"; };
		CEA7450F29211B01009350A0 /* HomeView.xib */ = {isa = PBXFileReference; lastKnownFileType = file.xib; path = HomeView.xib; sourceTree = "<group>"; };
		CEA7451129211B19009350A0 /* HomeViewController.swift */ = {isa = PBXFileReference; lastKnownFileType = sourcecode.swift; path = HomeViewController.swift; sourceTree = "<group>"; };
		CEA7451429211E14009350A0 /* TransactionCell.swift */ = {isa = PBXFileReference; lastKnownFileType = sourcecode.swift; path = TransactionCell.swift; sourceTree = "<group>"; };
		CEA7451629211E36009350A0 /* TransactionCell.xib */ = {isa = PBXFileReference; lastKnownFileType = file.xib; path = TransactionCell.xib; sourceTree = "<group>"; };
		CEA745192921285F009350A0 /* TransactionViewController.swift */ = {isa = PBXFileReference; lastKnownFileType = sourcecode.swift; path = TransactionViewController.swift; sourceTree = "<group>"; };
		CEA7451B2921287E009350A0 /* TransactionView.xib */ = {isa = PBXFileReference; lastKnownFileType = file.xib; path = TransactionView.xib; sourceTree = "<group>"; };
		CEA8F5612922CD790021506B /* BalanceCell.swift */ = {isa = PBXFileReference; lastKnownFileType = sourcecode.swift; path = BalanceCell.swift; sourceTree = "<group>"; };
		CEA8F5632922CDB30021506B /* BalanceCellView.xib */ = {isa = PBXFileReference; lastKnownFileType = file.xib; path = BalanceCellView.xib; sourceTree = "<group>"; };
		CEA8F5662928DBA70021506B /* LoginView.xib */ = {isa = PBXFileReference; lastKnownFileType = file.xib; path = LoginView.xib; sourceTree = "<group>"; };
		CEA8F5682928E6CB0021506B /* LoginViewController.swift */ = {isa = PBXFileReference; lastKnownFileType = sourcecode.swift; path = LoginViewController.swift; sourceTree = "<group>"; };
		CEA8F56B292903EA0021506B /* CustomButton.swift */ = {isa = PBXFileReference; lastKnownFileType = sourcecode.swift; path = CustomButton.swift; sourceTree = "<group>"; };
		CEBF69A1292A4CAA009E96F9 /* UserDefaultsHelper.swift */ = {isa = PBXFileReference; lastKnownFileType = sourcecode.swift; path = UserDefaultsHelper.swift; sourceTree = "<group>"; };
		CEBF69A3292A50C6009E96F9 /* UserManager.swift */ = {isa = PBXFileReference; lastKnownFileType = sourcecode.swift; path = UserManager.swift; sourceTree = "<group>"; };
		CEBF69A5292A7AEC009E96F9 /* Transaction.swift */ = {isa = PBXFileReference; lastKnownFileType = sourcecode.swift; path = Transaction.swift; sourceTree = "<group>"; };
		CEBF69A7292A7BD7009E96F9 /* TransactionsResponse.swift */ = {isa = PBXFileReference; lastKnownFileType = sourcecode.swift; path = TransactionsResponse.swift; sourceTree = "<group>"; };
		CEBF69A9292A7C14009E96F9 /* UserResponse.swift */ = {isa = PBXFileReference; lastKnownFileType = sourcecode.swift; path = UserResponse.swift; sourceTree = "<group>"; };
		CEBF69AB292A7C3A009E96F9 /* AccountResponse.swift */ = {isa = PBXFileReference; lastKnownFileType = sourcecode.swift; path = AccountResponse.swift; sourceTree = "<group>"; };
		CEBF69AD292BCB13009E96F9 /* Account.swift */ = {isa = PBXFileReference; lastKnownFileType = sourcecode.swift; path = Account.swift; sourceTree = "<group>"; };
		CEBF69B6292BE2C0009E96F9 /* UserRequest.swift */ = {isa = PBXFileReference; lastKnownFileType = sourcecode.swift; path = UserRequest.swift; sourceTree = "<group>"; };
		CEC72422292C06E20009C8B9 /* TransferMoneyView.xib */ = {isa = PBXFileReference; lastKnownFileType = file.xib; path = TransferMoneyView.xib; sourceTree = "<group>"; };
		CEC72424292C09E90009C8B9 /* TransactionHistoryViewController.swift */ = {isa = PBXFileReference; lastKnownFileType = sourcecode.swift; path = TransactionHistoryViewController.swift; sourceTree = "<group>"; };
		CEC72426292C0A340009C8B9 /* TransferMoneyViewController.swift */ = {isa = PBXFileReference; lastKnownFileType = sourcecode.swift; path = TransferMoneyViewController.swift; sourceTree = "<group>"; };
		CEC72429292C0AB60009C8B9 /* TransactionHistoryCell.swift */ = {isa = PBXFileReference; lastKnownFileType = sourcecode.swift; path = TransactionHistoryCell.swift; sourceTree = "<group>"; };
		CEC7242B292C0AFD0009C8B9 /* TransactionHistoryCell.xib */ = {isa = PBXFileReference; lastKnownFileType = file.xib; path = TransactionHistoryCell.xib; sourceTree = "<group>"; };
		CEDB31ED292C068700208AF5 /* TransactionHistoryView.xib */ = {isa = PBXFileReference; lastKnownFileType = file.xib; path = TransactionHistoryView.xib; sourceTree = "<group>"; };
		CEF3DFA829322C95005B76C9 /* TransactionDetailsViewController.swift */ = {isa = PBXFileReference; lastKnownFileType = sourcecode.swift; path = TransactionDetailsViewController.swift; sourceTree = "<group>"; };
		CEF3DFAA29322CC4005B76C9 /* TransactionDetailsView.xib */ = {isa = PBXFileReference; lastKnownFileType = file.xib; path = TransactionDetailsView.xib; sourceTree = "<group>"; };
		CEF3DFAE29325287005B76C9 /* AccountManager.swift */ = {isa = PBXFileReference; lastKnownFileType = sourcecode.swift; path = AccountManager.swift; sourceTree = "<group>"; };
		CEF3DFB029339805005B76C9 /* AccountRequest.swift */ = {isa = PBXFileReference; lastKnownFileType = sourcecode.swift; path = AccountRequest.swift; sourceTree = "<group>"; };
		CEF3DFB2293398A6005B76C9 /* TransactionRequest.swift */ = {isa = PBXFileReference; lastKnownFileType = sourcecode.swift; path = TransactionRequest.swift; sourceTree = "<group>"; };
		CEF3DFB429339EF4005B76C9 /* TokenResponse.swift */ = {isa = PBXFileReference; lastKnownFileType = sourcecode.swift; path = TokenResponse.swift; sourceTree = "<group>"; };
		CEF3DFB62933A067005B76C9 /* LoginURLResponse.swift */ = {isa = PBXFileReference; lastKnownFileType = sourcecode.swift; path = LoginURLResponse.swift; sourceTree = "<group>"; };
		D12EF1FBC2B985CDB474127D /* Pods-topupbanking.release.xcconfig */ = {isa = PBXFileReference; includeInIndex = 1; lastKnownFileType = text.xcconfig; name = "Pods-topupbanking.release.xcconfig"; path = "Target Support Files/Pods-topupbanking/Pods-topupbanking.release.xcconfig"; sourceTree = "<group>"; };
		EA98A83BA297BBEDDF6A1306 /* Pods_topupbanking.framework */ = {isa = PBXFileReference; explicitFileType = wrapper.framework; includeInIndex = 0; path = Pods_topupbanking.framework; sourceTree = BUILT_PRODUCTS_DIR; };
		EBBBEDC5462ABF31F4147B1D /* Pods_topupbankingTests.framework */ = {isa = PBXFileReference; explicitFileType = wrapper.framework; includeInIndex = 0; path = Pods_topupbankingTests.framework; sourceTree = BUILT_PRODUCTS_DIR; };
/* End PBXFileReference section */

/* Begin PBXFrameworksBuildPhase section */
		CEA744A8291C26B0009350A0 /* Frameworks */ = {
			isa = PBXFrameworksBuildPhase;
			buildActionMask = 2147483647;
			files = (
				CEA74504292112AE009350A0 /* KeychainSwift in Frameworks */,
				28F34C844429DA200B836B5D /* Pods_topupbanking.framework in Frameworks */,
			);
			runOnlyForDeploymentPostprocessing = 0;
		};
		CEA744C1291C26B2009350A0 /* Frameworks */ = {
			isa = PBXFrameworksBuildPhase;
			buildActionMask = 2147483647;
			files = (
				41D0128AE7F368CF814EF6C1 /* Pods_topupbankingTests.framework in Frameworks */,
			);
			runOnlyForDeploymentPostprocessing = 0;
		};
		CEA744CB291C26B2009350A0 /* Frameworks */ = {
			isa = PBXFrameworksBuildPhase;
			buildActionMask = 2147483647;
			files = (
				CB9C2F44B55A4BEFBC7046E6 /* Pods_topupbanking_topupbankingUITests.framework in Frameworks */,
			);
			runOnlyForDeploymentPostprocessing = 0;
		};
/* End PBXFrameworksBuildPhase section */

/* Begin PBXGroup section */
		9F78F079E3772DE9BC68A830 /* Pods */ = {
			isa = PBXGroup;
			children = (
				9C7318AFAC1523D7BED555EB /* Pods-topupbanking.debug.xcconfig */,
				D12EF1FBC2B985CDB474127D /* Pods-topupbanking.release.xcconfig */,
				1490020E7E7808171A566EE8 /* Pods-topupbanking-topupbankingUITests.debug.xcconfig */,
				CC0684E9CDDB73DE8937F1A2 /* Pods-topupbanking-topupbankingUITests.release.xcconfig */,
				A440C6DEB17542C2F3A6449D /* Pods-topupbankingTests.debug.xcconfig */,
				07502F0E1C322BD144843C3C /* Pods-topupbankingTests.release.xcconfig */,
			);
			path = Pods;
			sourceTree = "<group>";
		};
		CEA744A2291C26B0009350A0 = {
			isa = PBXGroup;
			children = (
				CEA744AD291C26B0009350A0 /* topupbanking */,
				CEA744C7291C26B2009350A0 /* topupbankingTests */,
				CEA744D1291C26B2009350A0 /* topupbankingUITests */,
				CEA744AC291C26B0009350A0 /* Products */,
				9F78F079E3772DE9BC68A830 /* Pods */,
				FEB625E1E6F09A36108FA3BA /* Frameworks */,
			);
			sourceTree = "<group>";
		};
		CEA744AC291C26B0009350A0 /* Products */ = {
			isa = PBXGroup;
			children = (
				CEA744AB291C26B0009350A0 /* topupbanking.app */,
				CEA744C4291C26B2009350A0 /* topupbankingTests.xctest */,
				CEA744CE291C26B2009350A0 /* topupbankingUITests.xctest */,
			);
			name = Products;
			sourceTree = "<group>";
		};
		CEA744AD291C26B0009350A0 /* topupbanking */ = {
			isa = PBXGroup;
			children = (
				CEA7450C292119FB009350A0 /* Managers */,
				CEA745052921130B009350A0 /* Model */,
				CEA744E7291C2ED4009350A0 /* API */,
				CEA744E6291C2EA4009350A0 /* ViewModels */,
				CEA744E5291C2E93009350A0 /* Views */,
				CEA744E1291C2E25009350A0 /* Helpers */,
				CEA744AE291C26B0009350A0 /* AppDelegate.swift */,
				CEA744B0291C26B0009350A0 /* SceneDelegate.swift */,
				CEA744BA291C26B2009350A0 /* Assets.xcassets */,
				CEA744BF291C26B2009350A0 /* Info.plist */,
				CEA744B7291C26B0009350A0 /* topupbanking.xcdatamodeld */,
				CEA744EA291C2F78009350A0 /* LaunchScreen.xib */,
			);
			path = topupbanking;
			sourceTree = "<group>";
		};
		CEA744C7291C26B2009350A0 /* topupbankingTests */ = {
			isa = PBXGroup;
			children = (
				CEA744C8291C26B2009350A0 /* topupbankingTests.swift */,
			);
			path = topupbankingTests;
			sourceTree = "<group>";
		};
		CEA744D1291C26B2009350A0 /* topupbankingUITests */ = {
			isa = PBXGroup;
			children = (
				CEA744D2291C26B2009350A0 /* topupbankingUITests.swift */,
				CEA744D4291C26B2009350A0 /* topupbankingUITestsLaunchTests.swift */,
			);
			path = topupbankingUITests;
			sourceTree = "<group>";
		};
		CEA744E1291C2E25009350A0 /* Helpers */ = {
			isa = PBXGroup;
			children = (
				CEA744F0291C35F8009350A0 /* SpinnerView.xib */,
				CEA7450029211245009350A0 /* KeychainHelper.swift */,
			);
			path = Helpers;
			sourceTree = "<group>";
		};
		CEA744E5291C2E93009350A0 /* Views */ = {
			isa = PBXGroup;
			children = (
				CEF3DFA72932294F005B76C9 /* TransactionDetails */,
				CEBF69B9292C062B009E96F9 /* Transaction History */,
				CEBF69B8292C0616009E96F9 /* TransferMoney */,
				CEA8F56A292903C70021506B /* CustomElements */,
				CEA7451829212846009350A0 /* Transaction */,
				CEA744ED291C338B009350A0 /* Home */,
				CEA744EC291C337E009350A0 /* LoginRegister */,
			);
			path = Views;
			sourceTree = "<group>";
		};
		CEA744E6291C2EA4009350A0 /* ViewModels */ = {
			isa = PBXGroup;
			children = (
				CEA744FA29210AE5009350A0 /* RegisterViewModel.swift */,
				CEA744FC29210CE5009350A0 /* LoginViewModel.swift */,
			);
			path = ViewModels;
			sourceTree = "<group>";
		};
		CEA744E7291C2ED4009350A0 /* API */ = {
			isa = PBXGroup;
			children = (
				CEA744E9291C2EE8009350A0 /* Requests */,
				CEA744E8291C2EDE009350A0 /* Responses */,
				CEA744FE29210E03009350A0 /* APIManager.swift */,
				CEA74508292114BE009350A0 /* APIError.swift */,
				CEA7450A292114E8009350A0 /* APIEndpoint.swift */,
			);
			path = API;
			sourceTree = "<group>";
		};
		CEA744E8291C2EDE009350A0 /* Responses */ = {
			isa = PBXGroup;
			children = (
				CEBF69A7292A7BD7009E96F9 /* TransactionsResponse.swift */,
				CEBF69A9292A7C14009E96F9 /* UserResponse.swift */,
				CEBF69AB292A7C3A009E96F9 /* AccountResponse.swift */,
				CEF3DFB429339EF4005B76C9 /* TokenResponse.swift */,
				CEF3DFB62933A067005B76C9 /* LoginURLResponse.swift */,
			);
			path = Responses;
			sourceTree = "<group>";
		};
		CEA744E9291C2EE8009350A0 /* Requests */ = {
			isa = PBXGroup;
			children = (
				CEBF69B6292BE2C0009E96F9 /* UserRequest.swift */,
				CEF3DFB029339805005B76C9 /* AccountRequest.swift */,
				CEF3DFB2293398A6005B76C9 /* TransactionRequest.swift */,
			);
			path = Requests;
			sourceTree = "<group>";
		};
		CEA744EC291C337E009350A0 /* LoginRegister */ = {
			isa = PBXGroup;
			children = (
				CEA8F5682928E6CB0021506B /* LoginViewController.swift */,
				CEA8F5662928DBA70021506B /* LoginView.xib */,
				CEA744F82921077A009350A0 /* Errors.swift */,
			);
			path = LoginRegister;
			sourceTree = "<group>";
		};
		CEA744ED291C338B009350A0 /* Home */ = {
			isa = PBXGroup;
			children = (
				CEA7450F29211B01009350A0 /* HomeView.xib */,
				CEA7451129211B19009350A0 /* HomeViewController.swift */,
				CEA7451329211DAB009350A0 /* TransactionCell */,
				CEA8F5652922D0800021506B /* BalanceCell */,
			);
			path = Home;
			sourceTree = "<group>";
		};
		CEA745052921130B009350A0 /* Model */ = {
			isa = PBXGroup;
			children = (
				CEA7450629211319009350A0 /* User.swift */,
				CEBF69A5292A7AEC009E96F9 /* Transaction.swift */,
				CEBF69AD292BCB13009E96F9 /* Account.swift */,
			);
			path = Model;
			sourceTree = "<group>";
		};
		CEA7450C292119FB009350A0 /* Managers */ = {
			isa = PBXGroup;
			children = (
				CEBF69A1292A4CAA009E96F9 /* UserDefaultsHelper.swift */,
				CEBF69A3292A50C6009E96F9 /* UserManager.swift */,
				CEF3DFAE29325287005B76C9 /* AccountManager.swift */,
			);
			path = Managers;
			sourceTree = "<group>";
		};
		CEA7451329211DAB009350A0 /* TransactionCell */ = {
			isa = PBXGroup;
			children = (
				CEA7451429211E14009350A0 /* TransactionCell.swift */,
				CEA7451629211E36009350A0 /* TransactionCell.xib */,
			);
			path = TransactionCell;
			sourceTree = "<group>";
		};
		CEA7451829212846009350A0 /* Transaction */ = {
			isa = PBXGroup;
			children = (
				CEA745192921285F009350A0 /* TransactionViewController.swift */,
				CEA7451B2921287E009350A0 /* TransactionView.xib */,
			);
			path = Transaction;
			sourceTree = "<group>";
		};
		CEA8F5652922D0800021506B /* BalanceCell */ = {
			isa = PBXGroup;
			children = (
				CEA8F5632922CDB30021506B /* BalanceCellView.xib */,
				CEA8F5612922CD790021506B /* BalanceCell.swift */,
			);
			path = BalanceCell;
			sourceTree = "<group>";
		};
		CEA8F56A292903C70021506B /* CustomElements */ = {
			isa = PBXGroup;
			children = (
				CEA8F56B292903EA0021506B /* CustomButton.swift */,
			);
			path = CustomElements;
			sourceTree = "<group>";
		};
		CEBF69B8292C0616009E96F9 /* TransferMoney */ = {
			isa = PBXGroup;
			children = (
				CEC72422292C06E20009C8B9 /* TransferMoneyView.xib */,
				CEC72426292C0A340009C8B9 /* TransferMoneyViewController.swift */,
			);
			path = TransferMoney;
			sourceTree = "<group>";
		};
		CEBF69B9292C062B009E96F9 /* Transaction History */ = {
			isa = PBXGroup;
			children = (
				CEC72424292C09E90009C8B9 /* TransactionHistoryViewController.swift */,
				CEDB31ED292C068700208AF5 /* TransactionHistoryView.xib */,
				CEC72428292C0A8D0009C8B9 /* cell */,
			);
			path = "Transaction History";
			sourceTree = "<group>";
		};
		CEC72428292C0A8D0009C8B9 /* cell */ = {
			isa = PBXGroup;
			children = (
				CEC72429292C0AB60009C8B9 /* TransactionHistoryCell.swift */,
				CEC7242B292C0AFD0009C8B9 /* TransactionHistoryCell.xib */,
			);
			path = cell;
			sourceTree = "<group>";
		};
		CEF3DFA72932294F005B76C9 /* TransactionDetails */ = {
			isa = PBXGroup;
			children = (
				CEF3DFA829322C95005B76C9 /* TransactionDetailsViewController.swift */,
				CEF3DFAA29322CC4005B76C9 /* TransactionDetailsView.xib */,
			);
			path = TransactionDetails;
			sourceTree = "<group>";
		};
		FEB625E1E6F09A36108FA3BA /* Frameworks */ = {
			isa = PBXGroup;
			children = (
				EA98A83BA297BBEDDF6A1306 /* Pods_topupbanking.framework */,
				578FA5372BA0849330049DD5 /* Pods_topupbanking_topupbankingUITests.framework */,
				EBBBEDC5462ABF31F4147B1D /* Pods_topupbankingTests.framework */,
			);
			name = Frameworks;
			sourceTree = "<group>";
		};
/* End PBXGroup section */

/* Begin PBXNativeTarget section */
		CEA744AA291C26B0009350A0 /* topupbanking */ = {
			isa = PBXNativeTarget;
			buildConfigurationList = CEA744D8291C26B2009350A0 /* Build configuration list for PBXNativeTarget "topupbanking" */;
			buildPhases = (
				915D2C0C4DAE1606FCE489AD /* [CP] Check Pods Manifest.lock */,
				CEA744A7291C26B0009350A0 /* Sources */,
				CEA744A8291C26B0009350A0 /* Frameworks */,
				CEA744A9291C26B0009350A0 /* Resources */,
				1E563D82D93CF5F5FE681A3C /* [CP] Embed Pods Frameworks */,
			);
			buildRules = (
			);
			dependencies = (
			);
			name = topupbanking;
			packageProductDependencies = (
				CEA74503292112AE009350A0 /* KeychainSwift */,
			);
			productName = topupbanking;
			productReference = CEA744AB291C26B0009350A0 /* topupbanking.app */;
			productType = "com.apple.product-type.application";
		};
		CEA744C3291C26B2009350A0 /* topupbankingTests */ = {
			isa = PBXNativeTarget;
			buildConfigurationList = CEA744DB291C26B2009350A0 /* Build configuration list for PBXNativeTarget "topupbankingTests" */;
			buildPhases = (
				FC980261FBAAB1159A225801 /* [CP] Check Pods Manifest.lock */,
				CEA744C0291C26B2009350A0 /* Sources */,
				CEA744C1291C26B2009350A0 /* Frameworks */,
				CEA744C2291C26B2009350A0 /* Resources */,
			);
			buildRules = (
			);
			dependencies = (
				CEA744C6291C26B2009350A0 /* PBXTargetDependency */,
			);
			name = topupbankingTests;
			productName = topupbankingTests;
			productReference = CEA744C4291C26B2009350A0 /* topupbankingTests.xctest */;
			productType = "com.apple.product-type.bundle.unit-test";
		};
		CEA744CD291C26B2009350A0 /* topupbankingUITests */ = {
			isa = PBXNativeTarget;
			buildConfigurationList = CEA744DE291C26B2009350A0 /* Build configuration list for PBXNativeTarget "topupbankingUITests" */;
			buildPhases = (
				99D7AB738ACF657E1443B8E4 /* [CP] Check Pods Manifest.lock */,
				CEA744CA291C26B2009350A0 /* Sources */,
				CEA744CB291C26B2009350A0 /* Frameworks */,
				CEA744CC291C26B2009350A0 /* Resources */,
				3998BC8AD4718E8107E0EC84 /* [CP] Embed Pods Frameworks */,
			);
			buildRules = (
			);
			dependencies = (
				CEA744D0291C26B2009350A0 /* PBXTargetDependency */,
			);
			name = topupbankingUITests;
			productName = topupbankingUITests;
			productReference = CEA744CE291C26B2009350A0 /* topupbankingUITests.xctest */;
			productType = "com.apple.product-type.bundle.ui-testing";
		};
/* End PBXNativeTarget section */

/* Begin PBXProject section */
		CEA744A3291C26B0009350A0 /* Project object */ = {
			isa = PBXProject;
			attributes = {
				BuildIndependentTargetsInParallel = 1;
				LastSwiftUpdateCheck = 1410;
				LastUpgradeCheck = 1410;
				TargetAttributes = {
					CEA744AA291C26B0009350A0 = {
						CreatedOnToolsVersion = 14.1;
					};
					CEA744C3291C26B2009350A0 = {
						CreatedOnToolsVersion = 14.1;
						TestTargetID = CEA744AA291C26B0009350A0;
					};
					CEA744CD291C26B2009350A0 = {
						CreatedOnToolsVersion = 14.1;
						TestTargetID = CEA744AA291C26B0009350A0;
					};
				};
			};
			buildConfigurationList = CEA744A6291C26B0009350A0 /* Build configuration list for PBXProject "topupbanking" */;
			compatibilityVersion = "Xcode 14.0";
			developmentRegion = en;
			hasScannedForEncodings = 0;
			knownRegions = (
				en,
				Base,
			);
			mainGroup = CEA744A2291C26B0009350A0;
			packageReferences = (
				CEA74502292112AE009350A0 /* XCRemoteSwiftPackageReference "keychain-swift" */,
			);
			productRefGroup = CEA744AC291C26B0009350A0 /* Products */;
			projectDirPath = "";
			projectRoot = "";
			targets = (
				CEA744AA291C26B0009350A0 /* topupbanking */,
				CEA744C3291C26B2009350A0 /* topupbankingTests */,
				CEA744CD291C26B2009350A0 /* topupbankingUITests */,
			);
		};
/* End PBXProject section */

/* Begin PBXResourcesBuildPhase section */
		CEA744A9291C26B0009350A0 /* Resources */ = {
			isa = PBXResourcesBuildPhase;
			buildActionMask = 2147483647;
			files = (
				CEA744BB291C26B2009350A0 /* Assets.xcassets in Resources */,
				CEA744F1291C35F8009350A0 /* SpinnerView.xib in Resources */,
				CEF3DFAB29322CC4005B76C9 /* TransactionDetailsView.xib in Resources */,
				CEC72423292C06E20009C8B9 /* TransferMoneyView.xib in Resources */,
				CEA8F5672928DBA70021506B /* LoginView.xib in Resources */,
				CEA7451C2921287E009350A0 /* TransactionView.xib in Resources */,
				CEC7242C292C0AFD0009C8B9 /* TransactionHistoryCell.xib in Resources */,
				CEA7451729211E36009350A0 /* TransactionCell.xib in Resources */,
				CEDB31EE292C068700208AF5 /* TransactionHistoryView.xib in Resources */,
				CEA744EB291C2F78009350A0 /* LaunchScreen.xib in Resources */,
				CEA8F5642922CDB30021506B /* BalanceCellView.xib in Resources */,
				CEA7451029211B01009350A0 /* HomeView.xib in Resources */,
			);
			runOnlyForDeploymentPostprocessing = 0;
		};
		CEA744C2291C26B2009350A0 /* Resources */ = {
			isa = PBXResourcesBuildPhase;
			buildActionMask = 2147483647;
			files = (
			);
			runOnlyForDeploymentPostprocessing = 0;
		};
		CEA744CC291C26B2009350A0 /* Resources */ = {
			isa = PBXResourcesBuildPhase;
			buildActionMask = 2147483647;
			files = (
			);
			runOnlyForDeploymentPostprocessing = 0;
		};
/* End PBXResourcesBuildPhase section */

/* Begin PBXShellScriptBuildPhase section */
		1E563D82D93CF5F5FE681A3C /* [CP] Embed Pods Frameworks */ = {
			isa = PBXShellScriptBuildPhase;
			buildActionMask = 2147483647;
			files = (
			);
			inputFileListPaths = (
				"${PODS_ROOT}/Target Support Files/Pods-topupbanking/Pods-topupbanking-frameworks-${CONFIGURATION}-input-files.xcfilelist",
			);
			name = "[CP] Embed Pods Frameworks";
			outputFileListPaths = (
				"${PODS_ROOT}/Target Support Files/Pods-topupbanking/Pods-topupbanking-frameworks-${CONFIGURATION}-output-files.xcfilelist",
			);
			runOnlyForDeploymentPostprocessing = 0;
			shellPath = /bin/sh;
			shellScript = "\"${PODS_ROOT}/Target Support Files/Pods-topupbanking/Pods-topupbanking-frameworks.sh\"\n";
			showEnvVarsInLog = 0;
		};
		3998BC8AD4718E8107E0EC84 /* [CP] Embed Pods Frameworks */ = {
			isa = PBXShellScriptBuildPhase;
			buildActionMask = 2147483647;
			files = (
			);
			inputFileListPaths = (
				"${PODS_ROOT}/Target Support Files/Pods-topupbanking-topupbankingUITests/Pods-topupbanking-topupbankingUITests-frameworks-${CONFIGURATION}-input-files.xcfilelist",
			);
			name = "[CP] Embed Pods Frameworks";
			outputFileListPaths = (
				"${PODS_ROOT}/Target Support Files/Pods-topupbanking-topupbankingUITests/Pods-topupbanking-topupbankingUITests-frameworks-${CONFIGURATION}-output-files.xcfilelist",
			);
			runOnlyForDeploymentPostprocessing = 0;
			shellPath = /bin/sh;
			shellScript = "\"${PODS_ROOT}/Target Support Files/Pods-topupbanking-topupbankingUITests/Pods-topupbanking-topupbankingUITests-frameworks.sh\"\n";
			showEnvVarsInLog = 0;
		};
		915D2C0C4DAE1606FCE489AD /* [CP] Check Pods Manifest.lock */ = {
			isa = PBXShellScriptBuildPhase;
			buildActionMask = 2147483647;
			files = (
			);
			inputFileListPaths = (
			);
			inputPaths = (
				"${PODS_PODFILE_DIR_PATH}/Podfile.lock",
				"${PODS_ROOT}/Manifest.lock",
			);
			name = "[CP] Check Pods Manifest.lock";
			outputFileListPaths = (
			);
			outputPaths = (
				"$(DERIVED_FILE_DIR)/Pods-topupbanking-checkManifestLockResult.txt",
			);
			runOnlyForDeploymentPostprocessing = 0;
			shellPath = /bin/sh;
			shellScript = "diff \"${PODS_PODFILE_DIR_PATH}/Podfile.lock\" \"${PODS_ROOT}/Manifest.lock\" > /dev/null\nif [ $? != 0 ] ; then\n    # print error to STDERR\n    echo \"error: The sandbox is not in sync with the Podfile.lock. Run 'pod install' or update your CocoaPods installation.\" >&2\n    exit 1\nfi\n# This output is used by Xcode 'outputs' to avoid re-running this script phase.\necho \"SUCCESS\" > \"${SCRIPT_OUTPUT_FILE_0}\"\n";
			showEnvVarsInLog = 0;
		};
		99D7AB738ACF657E1443B8E4 /* [CP] Check Pods Manifest.lock */ = {
			isa = PBXShellScriptBuildPhase;
			buildActionMask = 2147483647;
			files = (
			);
			inputFileListPaths = (
			);
			inputPaths = (
				"${PODS_PODFILE_DIR_PATH}/Podfile.lock",
				"${PODS_ROOT}/Manifest.lock",
			);
			name = "[CP] Check Pods Manifest.lock";
			outputFileListPaths = (
			);
			outputPaths = (
				"$(DERIVED_FILE_DIR)/Pods-topupbanking-topupbankingUITests-checkManifestLockResult.txt",
			);
			runOnlyForDeploymentPostprocessing = 0;
			shellPath = /bin/sh;
			shellScript = "diff \"${PODS_PODFILE_DIR_PATH}/Podfile.lock\" \"${PODS_ROOT}/Manifest.lock\" > /dev/null\nif [ $? != 0 ] ; then\n    # print error to STDERR\n    echo \"error: The sandbox is not in sync with the Podfile.lock. Run 'pod install' or update your CocoaPods installation.\" >&2\n    exit 1\nfi\n# This output is used by Xcode 'outputs' to avoid re-running this script phase.\necho \"SUCCESS\" > \"${SCRIPT_OUTPUT_FILE_0}\"\n";
			showEnvVarsInLog = 0;
		};
		FC980261FBAAB1159A225801 /* [CP] Check Pods Manifest.lock */ = {
			isa = PBXShellScriptBuildPhase;
			buildActionMask = 2147483647;
			files = (
			);
			inputFileListPaths = (
			);
			inputPaths = (
				"${PODS_PODFILE_DIR_PATH}/Podfile.lock",
				"${PODS_ROOT}/Manifest.lock",
			);
			name = "[CP] Check Pods Manifest.lock";
			outputFileListPaths = (
			);
			outputPaths = (
				"$(DERIVED_FILE_DIR)/Pods-topupbankingTests-checkManifestLockResult.txt",
			);
			runOnlyForDeploymentPostprocessing = 0;
			shellPath = /bin/sh;
			shellScript = "diff \"${PODS_PODFILE_DIR_PATH}/Podfile.lock\" \"${PODS_ROOT}/Manifest.lock\" > /dev/null\nif [ $? != 0 ] ; then\n    # print error to STDERR\n    echo \"error: The sandbox is not in sync with the Podfile.lock. Run 'pod install' or update your CocoaPods installation.\" >&2\n    exit 1\nfi\n# This output is used by Xcode 'outputs' to avoid re-running this script phase.\necho \"SUCCESS\" > \"${SCRIPT_OUTPUT_FILE_0}\"\n";
			showEnvVarsInLog = 0;
		};
/* End PBXShellScriptBuildPhase section */

/* Begin PBXSourcesBuildPhase section */
		CEA744A7291C26B0009350A0 /* Sources */ = {
			isa = PBXSourcesBuildPhase;
			buildActionMask = 2147483647;
			files = (
				CEBF69AA292A7C14009E96F9 /* UserResponse.swift in Sources */,
				CEA744AF291C26B0009350A0 /* AppDelegate.swift in Sources */,
				CEF3DFB3293398A6005B76C9 /* TransactionRequest.swift in Sources */,
				CEC72427292C0A340009C8B9 /* TransferMoneyViewController.swift in Sources */,
				CEA7450129211245009350A0 /* KeychainHelper.swift in Sources */,
				CEF3DFB129339805005B76C9 /* AccountRequest.swift in Sources */,
				CEBF69AC292A7C3A009E96F9 /* AccountResponse.swift in Sources */,
				CEF3DFAF29325287005B76C9 /* AccountManager.swift in Sources */,
				CEA7451229211B19009350A0 /* HomeViewController.swift in Sources */,
				CEA7451529211E14009350A0 /* TransactionCell.swift in Sources */,
				CEA744FF29210E03009350A0 /* APIManager.swift in Sources */,
				CEA8F5692928E6CB0021506B /* LoginViewController.swift in Sources */,
				CEA7450B292114E8009350A0 /* APIEndpoint.swift in Sources */,
				CEA8F5622922CD790021506B /* BalanceCell.swift in Sources */,
				CEC72425292C09E90009C8B9 /* TransactionHistoryViewController.swift in Sources */,
				CEBF69A4292A50C6009E96F9 /* UserManager.swift in Sources */,
				CEF3DFB529339EF4005B76C9 /* TokenResponse.swift in Sources */,
				CEA74509292114BE009350A0 /* APIError.swift in Sources */,
				CEA744FB29210AE5009350A0 /* RegisterViewModel.swift in Sources */,
				CEA744FD29210CE5009350A0 /* LoginViewModel.swift in Sources */,
				CEA744B1291C26B0009350A0 /* SceneDelegate.swift in Sources */,
				CEBF69A6292A7AEC009E96F9 /* Transaction.swift in Sources */,
				CEBF69B7292BE2C0009E96F9 /* UserRequest.swift in Sources */,
				CEA8F56C292903EA0021506B /* CustomButton.swift in Sources */,
				CEA744B9291C26B0009350A0 /* topupbanking.xcdatamodeld in Sources */,
				CEC7242A292C0AB70009C8B9 /* TransactionHistoryCell.swift in Sources */,
				CEA7451A2921285F009350A0 /* TransactionViewController.swift in Sources */,
				CEBF69AE292BCB13009E96F9 /* Account.swift in Sources */,
				CEBF69A8292A7BD7009E96F9 /* TransactionsResponse.swift in Sources */,
				CEF3DFA929322C95005B76C9 /* TransactionDetailsViewController.swift in Sources */,
				CEA744F92921077A009350A0 /* Errors.swift in Sources */,
				CEBF69A2292A4CAA009E96F9 /* UserDefaultsHelper.swift in Sources */,
				CEF3DFB72933A067005B76C9 /* LoginURLResponse.swift in Sources */,
				CEA7450729211319009350A0 /* User.swift in Sources */,
			);
			runOnlyForDeploymentPostprocessing = 0;
		};
		CEA744C0291C26B2009350A0 /* Sources */ = {
			isa = PBXSourcesBuildPhase;
			buildActionMask = 2147483647;
			files = (
				CEA744C9291C26B2009350A0 /* topupbankingTests.swift in Sources */,
			);
			runOnlyForDeploymentPostprocessing = 0;
		};
		CEA744CA291C26B2009350A0 /* Sources */ = {
			isa = PBXSourcesBuildPhase;
			buildActionMask = 2147483647;
			files = (
				CEA744D5291C26B2009350A0 /* topupbankingUITestsLaunchTests.swift in Sources */,
				CEA744D3291C26B2009350A0 /* topupbankingUITests.swift in Sources */,
			);
			runOnlyForDeploymentPostprocessing = 0;
		};
/* End PBXSourcesBuildPhase section */

/* Begin PBXTargetDependency section */
		CEA744C6291C26B2009350A0 /* PBXTargetDependency */ = {
			isa = PBXTargetDependency;
			target = CEA744AA291C26B0009350A0 /* topupbanking */;
			targetProxy = CEA744C5291C26B2009350A0 /* PBXContainerItemProxy */;
		};
		CEA744D0291C26B2009350A0 /* PBXTargetDependency */ = {
			isa = PBXTargetDependency;
			target = CEA744AA291C26B0009350A0 /* topupbanking */;
			targetProxy = CEA744CF291C26B2009350A0 /* PBXContainerItemProxy */;
		};
/* End PBXTargetDependency section */

/* Begin XCBuildConfiguration section */
		CEA744D6291C26B2009350A0 /* Debug */ = {
			isa = XCBuildConfiguration;
			buildSettings = {
				ALWAYS_SEARCH_USER_PATHS = NO;
				CLANG_ANALYZER_NONNULL = YES;
				CLANG_ANALYZER_NUMBER_OBJECT_CONVERSION = YES_AGGRESSIVE;
				CLANG_CXX_LANGUAGE_STANDARD = "gnu++20";
				CLANG_ENABLE_MODULES = YES;
				CLANG_ENABLE_OBJC_ARC = YES;
				CLANG_ENABLE_OBJC_WEAK = YES;
				CLANG_WARN_BLOCK_CAPTURE_AUTORELEASING = YES;
				CLANG_WARN_BOOL_CONVERSION = YES;
				CLANG_WARN_COMMA = YES;
				CLANG_WARN_CONSTANT_CONVERSION = YES;
				CLANG_WARN_DEPRECATED_OBJC_IMPLEMENTATIONS = YES;
				CLANG_WARN_DIRECT_OBJC_ISA_USAGE = YES_ERROR;
				CLANG_WARN_DOCUMENTATION_COMMENTS = YES;
				CLANG_WARN_EMPTY_BODY = YES;
				CLANG_WARN_ENUM_CONVERSION = YES;
				CLANG_WARN_INFINITE_RECURSION = YES;
				CLANG_WARN_INT_CONVERSION = YES;
				CLANG_WARN_NON_LITERAL_NULL_CONVERSION = YES;
				CLANG_WARN_OBJC_IMPLICIT_RETAIN_SELF = YES;
				CLANG_WARN_OBJC_LITERAL_CONVERSION = YES;
				CLANG_WARN_OBJC_ROOT_CLASS = YES_ERROR;
				CLANG_WARN_QUOTED_INCLUDE_IN_FRAMEWORK_HEADER = YES;
				CLANG_WARN_RANGE_LOOP_ANALYSIS = YES;
				CLANG_WARN_STRICT_PROTOTYPES = YES;
				CLANG_WARN_SUSPICIOUS_MOVE = YES;
				CLANG_WARN_UNGUARDED_AVAILABILITY = YES_AGGRESSIVE;
				CLANG_WARN_UNREACHABLE_CODE = YES;
				CLANG_WARN__DUPLICATE_METHOD_MATCH = YES;
				COPY_PHASE_STRIP = NO;
				DEBUG_INFORMATION_FORMAT = dwarf;
				ENABLE_STRICT_OBJC_MSGSEND = YES;
				ENABLE_TESTABILITY = YES;
				GCC_C_LANGUAGE_STANDARD = gnu11;
				GCC_DYNAMIC_NO_PIC = NO;
				GCC_NO_COMMON_BLOCKS = YES;
				GCC_OPTIMIZATION_LEVEL = 0;
				GCC_PREPROCESSOR_DEFINITIONS = (
					"DEBUG=1",
					"$(inherited)",
				);
				GCC_WARN_64_TO_32_BIT_CONVERSION = YES;
				GCC_WARN_ABOUT_RETURN_TYPE = YES_ERROR;
				GCC_WARN_UNDECLARED_SELECTOR = YES;
				GCC_WARN_UNINITIALIZED_AUTOS = YES_AGGRESSIVE;
				GCC_WARN_UNUSED_FUNCTION = YES;
				GCC_WARN_UNUSED_VARIABLE = YES;
				IPHONEOS_DEPLOYMENT_TARGET = 16.1;
				MTL_ENABLE_DEBUG_INFO = INCLUDE_SOURCE;
				MTL_FAST_MATH = YES;
				ONLY_ACTIVE_ARCH = YES;
				SDKROOT = iphoneos;
				SWIFT_ACTIVE_COMPILATION_CONDITIONS = DEBUG;
				SWIFT_OPTIMIZATION_LEVEL = "-Onone";
			};
			name = Debug;
		};
		CEA744D7291C26B2009350A0 /* Release */ = {
			isa = XCBuildConfiguration;
			buildSettings = {
				ALWAYS_SEARCH_USER_PATHS = NO;
				CLANG_ANALYZER_NONNULL = YES;
				CLANG_ANALYZER_NUMBER_OBJECT_CONVERSION = YES_AGGRESSIVE;
				CLANG_CXX_LANGUAGE_STANDARD = "gnu++20";
				CLANG_ENABLE_MODULES = YES;
				CLANG_ENABLE_OBJC_ARC = YES;
				CLANG_ENABLE_OBJC_WEAK = YES;
				CLANG_WARN_BLOCK_CAPTURE_AUTORELEASING = YES;
				CLANG_WARN_BOOL_CONVERSION = YES;
				CLANG_WARN_COMMA = YES;
				CLANG_WARN_CONSTANT_CONVERSION = YES;
				CLANG_WARN_DEPRECATED_OBJC_IMPLEMENTATIONS = YES;
				CLANG_WARN_DIRECT_OBJC_ISA_USAGE = YES_ERROR;
				CLANG_WARN_DOCUMENTATION_COMMENTS = YES;
				CLANG_WARN_EMPTY_BODY = YES;
				CLANG_WARN_ENUM_CONVERSION = YES;
				CLANG_WARN_INFINITE_RECURSION = YES;
				CLANG_WARN_INT_CONVERSION = YES;
				CLANG_WARN_NON_LITERAL_NULL_CONVERSION = YES;
				CLANG_WARN_OBJC_IMPLICIT_RETAIN_SELF = YES;
				CLANG_WARN_OBJC_LITERAL_CONVERSION = YES;
				CLANG_WARN_OBJC_ROOT_CLASS = YES_ERROR;
				CLANG_WARN_QUOTED_INCLUDE_IN_FRAMEWORK_HEADER = YES;
				CLANG_WARN_RANGE_LOOP_ANALYSIS = YES;
				CLANG_WARN_STRICT_PROTOTYPES = YES;
				CLANG_WARN_SUSPICIOUS_MOVE = YES;
				CLANG_WARN_UNGUARDED_AVAILABILITY = YES_AGGRESSIVE;
				CLANG_WARN_UNREACHABLE_CODE = YES;
				CLANG_WARN__DUPLICATE_METHOD_MATCH = YES;
				COPY_PHASE_STRIP = NO;
				DEBUG_INFORMATION_FORMAT = "dwarf-with-dsym";
				ENABLE_NS_ASSERTIONS = NO;
				ENABLE_STRICT_OBJC_MSGSEND = YES;
				GCC_C_LANGUAGE_STANDARD = gnu11;
				GCC_NO_COMMON_BLOCKS = YES;
				GCC_WARN_64_TO_32_BIT_CONVERSION = YES;
				GCC_WARN_ABOUT_RETURN_TYPE = YES_ERROR;
				GCC_WARN_UNDECLARED_SELECTOR = YES;
				GCC_WARN_UNINITIALIZED_AUTOS = YES_AGGRESSIVE;
				GCC_WARN_UNUSED_FUNCTION = YES;
				GCC_WARN_UNUSED_VARIABLE = YES;
				IPHONEOS_DEPLOYMENT_TARGET = 16.1;
				MTL_ENABLE_DEBUG_INFO = NO;
				MTL_FAST_MATH = YES;
				SDKROOT = iphoneos;
				SWIFT_COMPILATION_MODE = wholemodule;
				SWIFT_OPTIMIZATION_LEVEL = "-O";
				VALIDATE_PRODUCT = YES;
			};
			name = Release;
		};
		CEA744D9291C26B2009350A0 /* Debug */ = {
			isa = XCBuildConfiguration;
			baseConfigurationReference = 9C7318AFAC1523D7BED555EB /* Pods-topupbanking.debug.xcconfig */;
			buildSettings = {
				ASSETCATALOG_COMPILER_APPICON_NAME = AppIcon;
				ASSETCATALOG_COMPILER_GLOBAL_ACCENT_COLOR_NAME = AccentColor;
				CODE_SIGN_STYLE = Automatic;
				CURRENT_PROJECT_VERSION = 1;
				DEVELOPMENT_TEAM = 4543GKL842;
				GENERATE_INFOPLIST_FILE = YES;
				INFOPLIST_FILE = topupbanking/Info.plist;
				INFOPLIST_KEY_UIApplicationSupportsIndirectInputEvents = YES;
				INFOPLIST_KEY_UILaunchStoryboardName = LaunchScreen.xib;
				INFOPLIST_KEY_UIStatusBarStyle = "";
				INFOPLIST_KEY_UISupportedInterfaceOrientations = UIInterfaceOrientationPortrait;
				INFOPLIST_KEY_UISupportedInterfaceOrientations_iPad = UIInterfaceOrientationLandscapeRight;
				LD_RUNPATH_SEARCH_PATHS = (
					"$(inherited)",
					"@executable_path/Frameworks",
				);
				MARKETING_VERSION = 1.0;
				PRODUCT_BUNDLE_IDENTIFIER = jme.topupbanking;
				PRODUCT_NAME = "$(TARGET_NAME)";
				SWIFT_EMIT_LOC_STRINGS = YES;
				SWIFT_VERSION = 5.0;
				TARGETED_DEVICE_FAMILY = "1,2";
			};
			name = Debug;
		};
		CEA744DA291C26B2009350A0 /* Release */ = {
			isa = XCBuildConfiguration;
			baseConfigurationReference = D12EF1FBC2B985CDB474127D /* Pods-topupbanking.release.xcconfig */;
			buildSettings = {
				ASSETCATALOG_COMPILER_APPICON_NAME = AppIcon;
				ASSETCATALOG_COMPILER_GLOBAL_ACCENT_COLOR_NAME = AccentColor;
				CODE_SIGN_STYLE = Automatic;
				CURRENT_PROJECT_VERSION = 1;
				DEVELOPMENT_TEAM = 4543GKL842;
				GENERATE_INFOPLIST_FILE = YES;
				INFOPLIST_FILE = topupbanking/Info.plist;
				INFOPLIST_KEY_UIApplicationSupportsIndirectInputEvents = YES;
				INFOPLIST_KEY_UILaunchStoryboardName = LaunchScreen.xib;
				INFOPLIST_KEY_UIStatusBarStyle = "";
				INFOPLIST_KEY_UISupportedInterfaceOrientations = UIInterfaceOrientationPortrait;
				INFOPLIST_KEY_UISupportedInterfaceOrientations_iPad = UIInterfaceOrientationLandscapeRight;
				LD_RUNPATH_SEARCH_PATHS = (
					"$(inherited)",
					"@executable_path/Frameworks",
				);
				MARKETING_VERSION = 1.0;
				PRODUCT_BUNDLE_IDENTIFIER = jme.topupbanking;
				PRODUCT_NAME = "$(TARGET_NAME)";
				SWIFT_EMIT_LOC_STRINGS = YES;
				SWIFT_VERSION = 5.0;
				TARGETED_DEVICE_FAMILY = "1,2";
			};
			name = Release;
		};
		CEA744DC291C26B2009350A0 /* Debug */ = {
			isa = XCBuildConfiguration;
			baseConfigurationReference = A440C6DEB17542C2F3A6449D /* Pods-topupbankingTests.debug.xcconfig */;
			buildSettings = {
				ALWAYS_EMBED_SWIFT_STANDARD_LIBRARIES = YES;
				BUNDLE_LOADER = "$(TEST_HOST)";
				CODE_SIGN_STYLE = Automatic;
				CURRENT_PROJECT_VERSION = 1;
				DEVELOPMENT_TEAM = 4543GKL842;
				GENERATE_INFOPLIST_FILE = YES;
				IPHONEOS_DEPLOYMENT_TARGET = 16.1;
				MARKETING_VERSION = 1.0;
				PRODUCT_BUNDLE_IDENTIFIER = jme.topupbankingTests;
				PRODUCT_NAME = "$(TARGET_NAME)";
				SWIFT_EMIT_LOC_STRINGS = NO;
				SWIFT_VERSION = 5.0;
				TARGETED_DEVICE_FAMILY = "1,2";
				TEST_HOST = "$(BUILT_PRODUCTS_DIR)/topupbanking.app/$(BUNDLE_EXECUTABLE_FOLDER_PATH)/topupbanking";
			};
			name = Debug;
		};
		CEA744DD291C26B2009350A0 /* Release */ = {
			isa = XCBuildConfiguration;
			baseConfigurationReference = 07502F0E1C322BD144843C3C /* Pods-topupbankingTests.release.xcconfig */;
			buildSettings = {
				ALWAYS_EMBED_SWIFT_STANDARD_LIBRARIES = YES;
				BUNDLE_LOADER = "$(TEST_HOST)";
				CODE_SIGN_STYLE = Automatic;
				CURRENT_PROJECT_VERSION = 1;
				DEVELOPMENT_TEAM = 4543GKL842;
				GENERATE_INFOPLIST_FILE = YES;
				IPHONEOS_DEPLOYMENT_TARGET = 16.1;
				MARKETING_VERSION = 1.0;
				PRODUCT_BUNDLE_IDENTIFIER = jme.topupbankingTests;
				PRODUCT_NAME = "$(TARGET_NAME)";
				SWIFT_EMIT_LOC_STRINGS = NO;
				SWIFT_VERSION = 5.0;
				TARGETED_DEVICE_FAMILY = "1,2";
				TEST_HOST = "$(BUILT_PRODUCTS_DIR)/topupbanking.app/$(BUNDLE_EXECUTABLE_FOLDER_PATH)/topupbanking";
			};
			name = Release;
		};
		CEA744DF291C26B2009350A0 /* Debug */ = {
			isa = XCBuildConfiguration;
			baseConfigurationReference = 1490020E7E7808171A566EE8 /* Pods-topupbanking-topupbankingUITests.debug.xcconfig */;
			buildSettings = {
				ALWAYS_EMBED_SWIFT_STANDARD_LIBRARIES = YES;
				CODE_SIGN_STYLE = Automatic;
				CURRENT_PROJECT_VERSION = 1;
				DEVELOPMENT_TEAM = 4543GKL842;
				GENERATE_INFOPLIST_FILE = YES;
				MARKETING_VERSION = 1.0;
				PRODUCT_BUNDLE_IDENTIFIER = jme.topupbankingUITests;
				PRODUCT_NAME = "$(TARGET_NAME)";
				SWIFT_EMIT_LOC_STRINGS = NO;
				SWIFT_VERSION = 5.0;
				TARGETED_DEVICE_FAMILY = "1,2";
				TEST_TARGET_NAME = topupbanking;
			};
			name = Debug;
		};
		CEA744E0291C26B2009350A0 /* Release */ = {
			isa = XCBuildConfiguration;
			baseConfigurationReference = CC0684E9CDDB73DE8937F1A2 /* Pods-topupbanking-topupbankingUITests.release.xcconfig */;
			buildSettings = {
				ALWAYS_EMBED_SWIFT_STANDARD_LIBRARIES = YES;
				CODE_SIGN_STYLE = Automatic;
				CURRENT_PROJECT_VERSION = 1;
				DEVELOPMENT_TEAM = 4543GKL842;
				GENERATE_INFOPLIST_FILE = YES;
				MARKETING_VERSION = 1.0;
				PRODUCT_BUNDLE_IDENTIFIER = jme.topupbankingUITests;
				PRODUCT_NAME = "$(TARGET_NAME)";
				SWIFT_EMIT_LOC_STRINGS = NO;
				SWIFT_VERSION = 5.0;
				TARGETED_DEVICE_FAMILY = "1,2";
				TEST_TARGET_NAME = topupbanking;
			};
			name = Release;
		};
/* End XCBuildConfiguration section */

/* Begin XCConfigurationList section */
		CEA744A6291C26B0009350A0 /* Build configuration list for PBXProject "topupbanking" */ = {
			isa = XCConfigurationList;
			buildConfigurations = (
				CEA744D6291C26B2009350A0 /* Debug */,
				CEA744D7291C26B2009350A0 /* Release */,
			);
			defaultConfigurationIsVisible = 0;
			defaultConfigurationName = Release;
		};
		CEA744D8291C26B2009350A0 /* Build configuration list for PBXNativeTarget "topupbanking" */ = {
			isa = XCConfigurationList;
			buildConfigurations = (
				CEA744D9291C26B2009350A0 /* Debug */,
				CEA744DA291C26B2009350A0 /* Release */,
			);
			defaultConfigurationIsVisible = 0;
			defaultConfigurationName = Release;
		};
		CEA744DB291C26B2009350A0 /* Build configuration list for PBXNativeTarget "topupbankingTests" */ = {
			isa = XCConfigurationList;
			buildConfigurations = (
				CEA744DC291C26B2009350A0 /* Debug */,
				CEA744DD291C26B2009350A0 /* Release */,
			);
			defaultConfigurationIsVisible = 0;
			defaultConfigurationName = Release;
		};
		CEA744DE291C26B2009350A0 /* Build configuration list for PBXNativeTarget "topupbankingUITests" */ = {
			isa = XCConfigurationList;
			buildConfigurations = (
				CEA744DF291C26B2009350A0 /* Debug */,
				CEA744E0291C26B2009350A0 /* Release */,
			);
			defaultConfigurationIsVisible = 0;
			defaultConfigurationName = Release;
		};
/* End XCConfigurationList section */

/* Begin XCRemoteSwiftPackageReference section */
		CEA74502292112AE009350A0 /* XCRemoteSwiftPackageReference "keychain-swift" */ = {
			isa = XCRemoteSwiftPackageReference;
			repositoryURL = "https://github.com/evgenyneu/keychain-swift.git";
			requirement = {
				branch = master;
				kind = branch;
			};
		};
/* End XCRemoteSwiftPackageReference section */

/* Begin XCSwiftPackageProductDependency section */
		CEA74503292112AE009350A0 /* KeychainSwift */ = {
			isa = XCSwiftPackageProductDependency;
			package = CEA74502292112AE009350A0 /* XCRemoteSwiftPackageReference "keychain-swift" */;
			productName = KeychainSwift;
		};
/* End XCSwiftPackageProductDependency section */

/* Begin XCVersionGroup section */
		CEA744B7291C26B0009350A0 /* topupbanking.xcdatamodeld */ = {
			isa = XCVersionGroup;
			children = (
				CEA744B8291C26B0009350A0 /* topupbanking.xcdatamodel */,
			);
			currentVersion = CEA744B8291C26B0009350A0 /* topupbanking.xcdatamodel */;
			path = topupbanking.xcdatamodeld;
			sourceTree = "<group>";
			versionGroupType = wrapper.xcdatamodel;
		};
/* End XCVersionGroup section */
	};
	rootObject = CEA744A3291C26B0009350A0 /* Project object */;
}
